
Microsoft Visual Studio Solution File, Format Version 12.00
# Visual Studio Version 16
VisualStudioVersion = 16.0.29102.190
MinimumVisualStudioVersion = 10.0.40219.1
Project("{FAE04EC0-301F-11D3-BF4B-00C04F79EFBC}") = "AppCherrys.UWP", "AppCherrys.UWP\AppCherrys.UWP.csproj", "{20C5FA89-D5BF-4131-BD8A-F9E966840E84}"
EndProject
Project("{FAE04EC0-301F-11D3-BF4B-00C04F79EFBC}") = "AppCherrys.Android", "AppCherrys.Android\AppCherrys.Android.csproj", "{0016462F-6C03-4E82-881D-1912A6D485CE}"
EndProject
Project("{FAE04EC0-301F-11D3-BF4B-00C04F79EFBC}") = "AppCherrys.iOS", "AppCherrys.iOS\AppCherrys.iOS.csproj", "{943991D7-394A-4A25-9B70-394B05C75F6B}"
EndProject
Project("{9A19103F-16F7-4668-BE54-9A1E7A4F7556}") = "AppCherrys.MobileAppService", "AppCherrys.MobileAppService\AppCherrys.MobileAppService.csproj", "{C69F0E78-CB07-4B0E-8260-B5F0AD73F1AD}"
EndProject
Project("{9A19103F-16F7-4668-BE54-9A1E7A4F7556}") = "AppCherrys", "AppCherrys\AppCherrys.csproj", "{9C646390-3CC7-4C9A-8410-0999278D8142}"
EndProject
Project("{2150E333-8FDC-42A3-9474-1A3956D46DE8}") = "Cliente", "Cliente", "{B3F3A2E4-C1FF-42CB-BC19-90964F0051AC}"
EndProject
Project("{2150E333-8FDC-42A3-9474-1A3956D46DE8}") = "Servidor", "Servidor", "{CA7D5A65-F93C-4B1C-B618-B347FE0B0D77}"
EndProject
Project("{2150E333-8FDC-42A3-9474-1A3956D46DE8}") = "Comun", "Comun", "{2CC39932-C3C5-40A7-BF64-DF084511A46D}"
EndProject
Project("{9A19103F-16F7-4668-BE54-9A1E7A4F7556}") = "CommonLib", "CommonLib\CommonLib.csproj", "{7FFE1076-D1E8-4A18-A0B0-F0FC3ECA4D60}"
EndProject
Project("{2150E333-8FDC-42A3-9474-1A3956D46DE8}") = "TestUnitarios", "TestUnitarios", "{4E749F29-7458-4F34-9DF2-23E46AF903AF}"
EndProject
Project("{9A19103F-16F7-4668-BE54-9A1E7A4F7556}") = "AppCherrysTU", "TestUnitarios\AppCherrysTU\AppCherrysTU.csproj", "{B1B9E459-BF72-40C4-BFF5-CFE9CF2E1DAF}"
EndProject
Project("{9A19103F-16F7-4668-BE54-9A1E7A4F7556}") = "AppCherrysClientTU", "TestUnitarios\AppCherrysClientTU\AppCherrysClientTU.csproj", "{ED54E43E-4DF9-4911-9047-43C69F8D6F20}"
EndProject
Project("{FAE04EC0-301F-11D3-BF4B-00C04F79EFBC}") = "ST_Utilidades", "..\ST_Common\ST_Utilidades\ST_Utilidades.csproj", "{FCDCBBE2-7BBB-4289-A3F0-96075D085929}"
EndProject
Global
	GlobalSection(SolutionConfigurationPlatforms) = preSolution
		Debug|Any CPU = Debug|Any CPU
		Debug|ARM = Debug|ARM
		Debug|iPhone = Debug|iPhone
		Debug|iPhoneSimulator = Debug|iPhoneSimulator
		Debug|x64 = Debug|x64
		Debug|x86 = Debug|x86
		Release|Any CPU = Release|Any CPU
		Release|ARM = Release|ARM
		Release|iPhone = Release|iPhone
		Release|iPhoneSimulator = Release|iPhoneSimulator
		Release|x64 = Release|x64
		Release|x86 = Release|x86
	EndGlobalSection
	GlobalSection(ProjectConfigurationPlatforms) = postSolution
		{20C5FA89-D5BF-4131-BD8A-F9E966840E84}.Debug|Any CPU.ActiveCfg = Debug|x86
		{20C5FA89-D5BF-4131-BD8A-F9E966840E84}.Debug|Any CPU.Build.0 = Debug|x86
		{20C5FA89-D5BF-4131-BD8A-F9E966840E84}.Debug|Any CPU.Deploy.0 = Debug|x86
		{20C5FA89-D5BF-4131-BD8A-F9E966840E84}.Debug|ARM.ActiveCfg = Debug|ARM
		{20C5FA89-D5BF-4131-BD8A-F9E966840E84}.Debug|ARM.Build.0 = Debug|ARM
		{20C5FA89-D5BF-4131-BD8A-F9E966840E84}.Debug|ARM.Deploy.0 = Debug|ARM
		{20C5FA89-D5BF-4131-BD8A-F9E966840E84}.Debug|iPhone.ActiveCfg = Debug|x86
		{20C5FA89-D5BF-4131-BD8A-F9E966840E84}.Debug|iPhone.Build.0 = Debug|x86
		{20C5FA89-D5BF-4131-BD8A-F9E966840E84}.Debug|iPhone.Deploy.0 = Debug|x86
		{20C5FA89-D5BF-4131-BD8A-F9E966840E84}.Debug|iPhoneSimulator.ActiveCfg = Debug|x86
		{20C5FA89-D5BF-4131-BD8A-F9E966840E84}.Debug|iPhoneSimulator.Build.0 = Debug|x86
		{20C5FA89-D5BF-4131-BD8A-F9E966840E84}.Debug|iPhoneSimulator.Deploy.0 = Debug|x86
		{20C5FA89-D5BF-4131-BD8A-F9E966840E84}.Debug|x64.ActiveCfg = Debug|x64
		{20C5FA89-D5BF-4131-BD8A-F9E966840E84}.Debug|x64.Build.0 = Debug|x64
		{20C5FA89-D5BF-4131-BD8A-F9E966840E84}.Debug|x64.Deploy.0 = Debug|x64
		{20C5FA89-D5BF-4131-BD8A-F9E966840E84}.Debug|x86.ActiveCfg = Debug|x86
		{20C5FA89-D5BF-4131-BD8A-F9E966840E84}.Debug|x86.Build.0 = Debug|x86
		{20C5FA89-D5BF-4131-BD8A-F9E966840E84}.Debug|x86.Deploy.0 = Debug|x86
		{20C5FA89-D5BF-4131-BD8A-F9E966840E84}.Release|Any CPU.ActiveCfg = Release|x86
		{20C5FA89-D5BF-4131-BD8A-F9E966840E84}.Release|Any CPU.Build.0 = Release|x86
		{20C5FA89-D5BF-4131-BD8A-F9E966840E84}.Release|Any CPU.Deploy.0 = Release|x86
		{20C5FA89-D5BF-4131-BD8A-F9E966840E84}.Release|ARM.ActiveCfg = Release|ARM
		{20C5FA89-D5BF-4131-BD8A-F9E966840E84}.Release|ARM.Build.0 = Release|ARM
		{20C5FA89-D5BF-4131-BD8A-F9E966840E84}.Release|ARM.Deploy.0 = Release|ARM
		{20C5FA89-D5BF-4131-BD8A-F9E966840E84}.Release|iPhone.ActiveCfg = Release|x86
		{20C5FA89-D5BF-4131-BD8A-F9E966840E84}.Release|iPhone.Build.0 = Release|x86
		{20C5FA89-D5BF-4131-BD8A-F9E966840E84}.Release|iPhone.Deploy.0 = Release|x86
		{20C5FA89-D5BF-4131-BD8A-F9E966840E84}.Release|iPhoneSimulator.ActiveCfg = Release|x86
		{20C5FA89-D5BF-4131-BD8A-F9E966840E84}.Release|iPhoneSimulator.Build.0 = Release|x86
		{20C5FA89-D5BF-4131-BD8A-F9E966840E84}.Release|iPhoneSimulator.Deploy.0 = Release|x86
		{20C5FA89-D5BF-4131-BD8A-F9E966840E84}.Release|x64.ActiveCfg = Release|x64
		{20C5FA89-D5BF-4131-BD8A-F9E966840E84}.Release|x64.Build.0 = Release|x64
		{20C5FA89-D5BF-4131-BD8A-F9E966840E84}.Release|x64.Deploy.0 = Release|x64
		{20C5FA89-D5BF-4131-BD8A-F9E966840E84}.Release|x86.ActiveCfg = Release|x86
		{20C5FA89-D5BF-4131-BD8A-F9E966840E84}.Release|x86.Build.0 = Release|x86
		{20C5FA89-D5BF-4131-BD8A-F9E966840E84}.Release|x86.Deploy.0 = Release|x86
		{0016462F-6C03-4E82-881D-1912A6D485CE}.Debug|Any CPU.ActiveCfg = Debug|Any CPU
		{0016462F-6C03-4E82-881D-1912A6D485CE}.Debug|Any CPU.Build.0 = Debug|Any CPU
		{0016462F-6C03-4E82-881D-1912A6D485CE}.Debug|Any CPU.Deploy.0 = Debug|Any CPU
		{0016462F-6C03-4E82-881D-1912A6D485CE}.Debug|ARM.ActiveCfg = Debug|Any CPU
		{0016462F-6C03-4E82-881D-1912A6D485CE}.Debug|ARM.Build.0 = Debug|Any CPU
		{0016462F-6C03-4E82-881D-1912A6D485CE}.Debug|ARM.Deploy.0 = Debug|Any CPU
		{0016462F-6C03-4E82-881D-1912A6D485CE}.Debug|iPhone.ActiveCfg = Debug|Any CPU
		{0016462F-6C03-4E82-881D-1912A6D485CE}.Debug|iPhone.Build.0 = Debug|Any CPU
		{0016462F-6C03-4E82-881D-1912A6D485CE}.Debug|iPhone.Deploy.0 = Debug|Any CPU
		{0016462F-6C03-4E82-881D-1912A6D485CE}.Debug|iPhoneSimulator.ActiveCfg = Debug|Any CPU
		{0016462F-6C03-4E82-881D-1912A6D485CE}.Debug|iPhoneSimulator.Build.0 = Debug|Any CPU
		{0016462F-6C03-4E82-881D-1912A6D485CE}.Debug|iPhoneSimulator.Deploy.0 = Debug|Any CPU
		{0016462F-6C03-4E82-881D-1912A6D485CE}.Debug|x64.ActiveCfg = Debug|Any CPU
		{0016462F-6C03-4E82-881D-1912A6D485CE}.Debug|x64.Build.0 = Debug|Any CPU
		{0016462F-6C03-4E82-881D-1912A6D485CE}.Debug|x64.Deploy.0 = Debug|Any CPU
		{0016462F-6C03-4E82-881D-1912A6D485CE}.Debug|x86.ActiveCfg = Debug|Any CPU
		{0016462F-6C03-4E82-881D-1912A6D485CE}.Debug|x86.Build.0 = Debug|Any CPU
		{0016462F-6C03-4E82-881D-1912A6D485CE}.Debug|x86.Deploy.0 = Debug|Any CPU
		{0016462F-6C03-4E82-881D-1912A6D485CE}.Release|Any CPU.ActiveCfg = Release|Any CPU
		{0016462F-6C03-4E82-881D-1912A6D485CE}.Release|Any CPU.Build.0 = Release|Any CPU
		{0016462F-6C03-4E82-881D-1912A6D485CE}.Release|Any CPU.Deploy.0 = Release|Any CPU
		{0016462F-6C03-4E82-881D-1912A6D485CE}.Release|ARM.ActiveCfg = Release|Any CPU
		{0016462F-6C03-4E82-881D-1912A6D485CE}.Release|ARM.Build.0 = Release|Any CPU
		{0016462F-6C03-4E82-881D-1912A6D485CE}.Release|ARM.Deploy.0 = Release|Any CPU
		{0016462F-6C03-4E82-881D-1912A6D485CE}.Release|iPhone.ActiveCfg = Release|Any CPU
		{0016462F-6C03-4E82-881D-1912A6D485CE}.Release|iPhone.Build.0 = Release|Any CPU
		{0016462F-6C03-4E82-881D-1912A6D485CE}.Release|iPhone.Deploy.0 = Release|Any CPU
		{0016462F-6C03-4E82-881D-1912A6D485CE}.Release|iPhoneSimulator.ActiveCfg = Release|Any CPU
		{0016462F-6C03-4E82-881D-1912A6D485CE}.Release|iPhoneSimulator.Build.0 = Release|Any CPU
		{0016462F-6C03-4E82-881D-1912A6D485CE}.Release|iPhoneSimulator.Deploy.0 = Release|Any CPU
		{0016462F-6C03-4E82-881D-1912A6D485CE}.Release|x64.ActiveCfg = Release|Any CPU
		{0016462F-6C03-4E82-881D-1912A6D485CE}.Release|x64.Build.0 = Release|Any CPU
		{0016462F-6C03-4E82-881D-1912A6D485CE}.Release|x64.Deploy.0 = Release|Any CPU
		{0016462F-6C03-4E82-881D-1912A6D485CE}.Release|x86.ActiveCfg = Release|Any CPU
		{0016462F-6C03-4E82-881D-1912A6D485CE}.Release|x86.Build.0 = Release|Any CPU
		{0016462F-6C03-4E82-881D-1912A6D485CE}.Release|x86.Deploy.0 = Release|Any CPU
		{943991D7-394A-4A25-9B70-394B05C75F6B}.Debug|Any CPU.ActiveCfg = Debug|iPhone
		{943991D7-394A-4A25-9B70-394B05C75F6B}.Debug|Any CPU.Build.0 = Debug|iPhone
		{943991D7-394A-4A25-9B70-394B05C75F6B}.Debug|Any CPU.Deploy.0 = Debug|iPhone
		{943991D7-394A-4A25-9B70-394B05C75F6B}.Debug|ARM.ActiveCfg = Debug|iPhoneSimulator
		{943991D7-394A-4A25-9B70-394B05C75F6B}.Debug|ARM.Build.0 = Debug|iPhoneSimulator
		{943991D7-394A-4A25-9B70-394B05C75F6B}.Debug|ARM.Deploy.0 = Debug|iPhoneSimulator
		{943991D7-394A-4A25-9B70-394B05C75F6B}.Debug|iPhone.ActiveCfg = Debug|iPhone
		{943991D7-394A-4A25-9B70-394B05C75F6B}.Debug|iPhone.Build.0 = Debug|iPhone
		{943991D7-394A-4A25-9B70-394B05C75F6B}.Debug|iPhone.Deploy.0 = Debug|iPhone
		{943991D7-394A-4A25-9B70-394B05C75F6B}.Debug|iPhoneSimulator.ActiveCfg = Debug|iPhoneSimulator
		{943991D7-394A-4A25-9B70-394B05C75F6B}.Debug|iPhoneSimulator.Build.0 = Debug|iPhoneSimulator
		{943991D7-394A-4A25-9B70-394B05C75F6B}.Debug|iPhoneSimulator.Deploy.0 = Debug|iPhoneSimulator
		{943991D7-394A-4A25-9B70-394B05C75F6B}.Debug|x64.ActiveCfg = Debug|iPhone
		{943991D7-394A-4A25-9B70-394B05C75F6B}.Debug|x64.Build.0 = Debug|iPhone
		{943991D7-394A-4A25-9B70-394B05C75F6B}.Debug|x64.Deploy.0 = Debug|iPhone
		{943991D7-394A-4A25-9B70-394B05C75F6B}.Debug|x86.ActiveCfg = Debug|iPhone
		{943991D7-394A-4A25-9B70-394B05C75F6B}.Debug|x86.Build.0 = Debug|iPhone
		{943991D7-394A-4A25-9B70-394B05C75F6B}.Debug|x86.Deploy.0 = Debug|iPhone
		{943991D7-394A-4A25-9B70-394B05C75F6B}.Release|Any CPU.ActiveCfg = Release|iPhone
		{943991D7-394A-4A25-9B70-394B05C75F6B}.Release|Any CPU.Build.0 = Release|iPhone
		{943991D7-394A-4A25-9B70-394B05C75F6B}.Release|Any CPU.Deploy.0 = Release|iPhone
		{943991D7-394A-4A25-9B70-394B05C75F6B}.Release|ARM.ActiveCfg = Release|iPhone
		{943991D7-394A-4A25-9B70-394B05C75F6B}.Release|ARM.Build.0 = Release|iPhone
		{943991D7-394A-4A25-9B70-394B05C75F6B}.Release|ARM.Deploy.0 = Release|iPhone
		{943991D7-394A-4A25-9B70-394B05C75F6B}.Release|iPhone.ActiveCfg = Release|iPhone
		{943991D7-394A-4A25-9B70-394B05C75F6B}.Release|iPhone.Build.0 = Release|iPhone
		{943991D7-394A-4A25-9B70-394B05C75F6B}.Release|iPhone.Deploy.0 = Release|iPhone
		{943991D7-394A-4A25-9B70-394B05C75F6B}.Release|iPhoneSimulator.ActiveCfg = Release|iPhoneSimulator
		{943991D7-394A-4A25-9B70-394B05C75F6B}.Release|iPhoneSimulator.Build.0 = Release|iPhoneSimulator
		{943991D7-394A-4A25-9B70-394B05C75F6B}.Release|iPhoneSimulator.Deploy.0 = Release|iPhoneSimulator
		{943991D7-394A-4A25-9B70-394B05C75F6B}.Release|x64.ActiveCfg = Release|iPhone
		{943991D7-394A-4A25-9B70-394B05C75F6B}.Release|x64.Build.0 = Release|iPhone
		{943991D7-394A-4A25-9B70-394B05C75F6B}.Release|x64.Deploy.0 = Release|iPhone
		{943991D7-394A-4A25-9B70-394B05C75F6B}.Release|x86.ActiveCfg = Release|iPhone
		{943991D7-394A-4A25-9B70-394B05C75F6B}.Release|x86.Build.0 = Release|iPhone
		{943991D7-394A-4A25-9B70-394B05C75F6B}.Release|x86.Deploy.0 = Release|iPhone
		{C69F0E78-CB07-4B0E-8260-B5F0AD73F1AD}.Debug|Any CPU.ActiveCfg = Debug|Any CPU
		{C69F0E78-CB07-4B0E-8260-B5F0AD73F1AD}.Debug|Any CPU.Build.0 = Debug|Any CPU
		{C69F0E78-CB07-4B0E-8260-B5F0AD73F1AD}.Debug|Any CPU.Deploy.0 = Debug|Any CPU
		{C69F0E78-CB07-4B0E-8260-B5F0AD73F1AD}.Debug|ARM.ActiveCfg = Debug|Any CPU
		{C69F0E78-CB07-4B0E-8260-B5F0AD73F1AD}.Debug|ARM.Build.0 = Debug|Any CPU
		{C69F0E78-CB07-4B0E-8260-B5F0AD73F1AD}.Debug|ARM.Deploy.0 = Debug|Any CPU
		{C69F0E78-CB07-4B0E-8260-B5F0AD73F1AD}.Debug|iPhone.ActiveCfg = Debug|Any CPU
		{C69F0E78-CB07-4B0E-8260-B5F0AD73F1AD}.Debug|iPhone.Build.0 = Debug|Any CPU
		{C69F0E78-CB07-4B0E-8260-B5F0AD73F1AD}.Debug|iPhone.Deploy.0 = Debug|Any CPU
		{C69F0E78-CB07-4B0E-8260-B5F0AD73F1AD}.Debug|iPhoneSimulator.ActiveCfg = Debug|Any CPU
		{C69F0E78-CB07-4B0E-8260-B5F0AD73F1AD}.Debug|iPhoneSimulator.Build.0 = Debug|Any CPU
		{C69F0E78-CB07-4B0E-8260-B5F0AD73F1AD}.Debug|iPhoneSimulator.Deploy.0 = Debug|Any CPU
		{C69F0E78-CB07-4B0E-8260-B5F0AD73F1AD}.Debug|x64.ActiveCfg = Debug|Any CPU
		{C69F0E78-CB07-4B0E-8260-B5F0AD73F1AD}.Debug|x64.Build.0 = Debug|Any CPU
		{C69F0E78-CB07-4B0E-8260-B5F0AD73F1AD}.Debug|x64.Deploy.0 = Debug|Any CPU
		{C69F0E78-CB07-4B0E-8260-B5F0AD73F1AD}.Debug|x86.ActiveCfg = Debug|Any CPU
		{C69F0E78-CB07-4B0E-8260-B5F0AD73F1AD}.Debug|x86.Build.0 = Debug|Any CPU
		{C69F0E78-CB07-4B0E-8260-B5F0AD73F1AD}.Debug|x86.Deploy.0 = Debug|Any CPU
		{C69F0E78-CB07-4B0E-8260-B5F0AD73F1AD}.Release|Any CPU.ActiveCfg = Release|Any CPU
		{C69F0E78-CB07-4B0E-8260-B5F0AD73F1AD}.Release|Any CPU.Build.0 = Release|Any CPU
		{C69F0E78-CB07-4B0E-8260-B5F0AD73F1AD}.Release|Any CPU.Deploy.0 = Release|Any CPU
		{C69F0E78-CB07-4B0E-8260-B5F0AD73F1AD}.Release|ARM.ActiveCfg = Release|Any CPU
		{C69F0E78-CB07-4B0E-8260-B5F0AD73F1AD}.Release|ARM.Build.0 = Release|Any CPU
		{C69F0E78-CB07-4B0E-8260-B5F0AD73F1AD}.Release|ARM.Deploy.0 = Release|Any CPU
		{C69F0E78-CB07-4B0E-8260-B5F0AD73F1AD}.Release|iPhone.ActiveCfg = Release|Any CPU
		{C69F0E78-CB07-4B0E-8260-B5F0AD73F1AD}.Release|iPhone.Build.0 = Release|Any CPU
		{C69F0E78-CB07-4B0E-8260-B5F0AD73F1AD}.Release|iPhone.Deploy.0 = Release|Any CPU
		{C69F0E78-CB07-4B0E-8260-B5F0AD73F1AD}.Release|iPhoneSimulator.ActiveCfg = Release|Any CPU
		{C69F0E78-CB07-4B0E-8260-B5F0AD73F1AD}.Release|iPhoneSimulator.Build.0 = Release|Any CPU
		{C69F0E78-CB07-4B0E-8260-B5F0AD73F1AD}.Release|iPhoneSimulator.Deploy.0 = Release|Any CPU
		{C69F0E78-CB07-4B0E-8260-B5F0AD73F1AD}.Release|x64.ActiveCfg = Release|Any CPU
		{C69F0E78-CB07-4B0E-8260-B5F0AD73F1AD}.Release|x64.Build.0 = Release|Any CPU
		{C69F0E78-CB07-4B0E-8260-B5F0AD73F1AD}.Release|x64.Deploy.0 = Release|Any CPU
		{C69F0E78-CB07-4B0E-8260-B5F0AD73F1AD}.Release|x86.ActiveCfg = Release|Any CPU
		{C69F0E78-CB07-4B0E-8260-B5F0AD73F1AD}.Release|x86.Build.0 = Release|Any CPU
		{C69F0E78-CB07-4B0E-8260-B5F0AD73F1AD}.Release|x86.Deploy.0 = Release|Any CPU
		{9C646390-3CC7-4C9A-8410-0999278D8142}.Debug|Any CPU.ActiveCfg = Debug|Any CPU
		{9C646390-3CC7-4C9A-8410-0999278D8142}.Debug|Any CPU.Build.0 = Debug|Any CPU
		{9C646390-3CC7-4C9A-8410-0999278D8142}.Debug|Any CPU.Deploy.0 = Debug|Any CPU
		{9C646390-3CC7-4C9A-8410-0999278D8142}.Debug|ARM.ActiveCfg = Debug|Any CPU
		{9C646390-3CC7-4C9A-8410-0999278D8142}.Debug|ARM.Build.0 = Debug|Any CPU
		{9C646390-3CC7-4C9A-8410-0999278D8142}.Debug|ARM.Deploy.0 = Debug|Any CPU
		{9C646390-3CC7-4C9A-8410-0999278D8142}.Debug|iPhone.ActiveCfg = Debug|Any CPU
		{9C646390-3CC7-4C9A-8410-0999278D8142}.Debug|iPhone.Build.0 = Debug|Any CPU
		{9C646390-3CC7-4C9A-8410-0999278D8142}.Debug|iPhone.Deploy.0 = Debug|Any CPU
		{9C646390-3CC7-4C9A-8410-0999278D8142}.Debug|iPhoneSimulator.ActiveCfg = Debug|Any CPU
		{9C646390-3CC7-4C9A-8410-0999278D8142}.Debug|iPhoneSimulator.Build.0 = Debug|Any CPU
		{9C646390-3CC7-4C9A-8410-0999278D8142}.Debug|iPhoneSimulator.Deploy.0 = Debug|Any CPU
		{9C646390-3CC7-4C9A-8410-0999278D8142}.Debug|x64.ActiveCfg = Debug|Any CPU
		{9C646390-3CC7-4C9A-8410-0999278D8142}.Debug|x64.Build.0 = Debug|Any CPU
		{9C646390-3CC7-4C9A-8410-0999278D8142}.Debug|x64.Deploy.0 = Debug|Any CPU
		{9C646390-3CC7-4C9A-8410-0999278D8142}.Debug|x86.ActiveCfg = Debug|Any CPU
		{9C646390-3CC7-4C9A-8410-0999278D8142}.Debug|x86.Build.0 = Debug|Any CPU
		{9C646390-3CC7-4C9A-8410-0999278D8142}.Debug|x86.Deploy.0 = Debug|Any CPU
		{9C646390-3CC7-4C9A-8410-0999278D8142}.Release|Any CPU.ActiveCfg = Release|Any CPU
		{9C646390-3CC7-4C9A-8410-0999278D8142}.Release|Any CPU.Build.0 = Release|Any CPU
		{9C646390-3CC7-4C9A-8410-0999278D8142}.Release|Any CPU.Deploy.0 = Release|Any CPU
		{9C646390-3CC7-4C9A-8410-0999278D8142}.Release|ARM.ActiveCfg = Release|Any CPU
		{9C646390-3CC7-4C9A-8410-0999278D8142}.Release|ARM.Build.0 = Release|Any CPU
		{9C646390-3CC7-4C9A-8410-0999278D8142}.Release|ARM.Deploy.0 = Release|Any CPU
		{9C646390-3CC7-4C9A-8410-0999278D8142}.Release|iPhone.ActiveCfg = Release|Any CPU
		{9C646390-3CC7-4C9A-8410-0999278D8142}.Release|iPhone.Build.0 = Release|Any CPU
		{9C646390-3CC7-4C9A-8410-0999278D8142}.Release|iPhone.Deploy.0 = Release|Any CPU
		{9C646390-3CC7-4C9A-8410-0999278D8142}.Release|iPhoneSimulator.ActiveCfg = Release|Any CPU
		{9C646390-3CC7-4C9A-8410-0999278D8142}.Release|iPhoneSimulator.Build.0 = Release|Any CPU
		{9C646390-3CC7-4C9A-8410-0999278D8142}.Release|iPhoneSimulator.Deploy.0 = Release|Any CPU
		{9C646390-3CC7-4C9A-8410-0999278D8142}.Release|x64.ActiveCfg = Release|Any CPU
		{9C646390-3CC7-4C9A-8410-0999278D8142}.Release|x64.Build.0 = Release|Any CPU
		{9C646390-3CC7-4C9A-8410-0999278D8142}.Release|x64.Deploy.0 = Release|Any CPU
		{9C646390-3CC7-4C9A-8410-0999278D8142}.Release|x86.ActiveCfg = Release|Any CPU
		{9C646390-3CC7-4C9A-8410-0999278D8142}.Release|x86.Build.0 = Release|Any CPU
		{9C646390-3CC7-4C9A-8410-0999278D8142}.Release|x86.Deploy.0 = Release|Any CPU
		{7FFE1076-D1E8-4A18-A0B0-F0FC3ECA4D60}.Debug|Any CPU.ActiveCfg = Debug|Any CPU
		{7FFE1076-D1E8-4A18-A0B0-F0FC3ECA4D60}.Debug|Any CPU.Build.0 = Debug|Any CPU
		{7FFE1076-D1E8-4A18-A0B0-F0FC3ECA4D60}.Debug|ARM.ActiveCfg = Debug|Any CPU
		{7FFE1076-D1E8-4A18-A0B0-F0FC3ECA4D60}.Debug|ARM.Build.0 = Debug|Any CPU
		{7FFE1076-D1E8-4A18-A0B0-F0FC3ECA4D60}.Debug|iPhone.ActiveCfg = Debug|Any CPU
		{7FFE1076-D1E8-4A18-A0B0-F0FC3ECA4D60}.Debug|iPhone.Build.0 = Debug|Any CPU
		{7FFE1076-D1E8-4A18-A0B0-F0FC3ECA4D60}.Debug|iPhoneSimulator.ActiveCfg = Debug|Any CPU
		{7FFE1076-D1E8-4A18-A0B0-F0FC3ECA4D60}.Debug|iPhoneSimulator.Build.0 = Debug|Any CPU
		{7FFE1076-D1E8-4A18-A0B0-F0FC3ECA4D60}.Debug|x64.ActiveCfg = Debug|Any CPU
		{7FFE1076-D1E8-4A18-A0B0-F0FC3ECA4D60}.Debug|x64.Build.0 = Debug|Any CPU
		{7FFE1076-D1E8-4A18-A0B0-F0FC3ECA4D60}.Debug|x86.ActiveCfg = Debug|Any CPU
		{7FFE1076-D1E8-4A18-A0B0-F0FC3ECA4D60}.Debug|x86.Build.0 = Debug|Any CPU
		{7FFE1076-D1E8-4A18-A0B0-F0FC3ECA4D60}.Release|Any CPU.ActiveCfg = Release|Any CPU
		{7FFE1076-D1E8-4A18-A0B0-F0FC3ECA4D60}.Release|Any CPU.Build.0 = Release|Any CPU
		{7FFE1076-D1E8-4A18-A0B0-F0FC3ECA4D60}.Release|ARM.ActiveCfg = Release|Any CPU
		{7FFE1076-D1E8-4A18-A0B0-F0FC3ECA4D60}.Release|ARM.Build.0 = Release|Any CPU
		{7FFE1076-D1E8-4A18-A0B0-F0FC3ECA4D60}.Release|iPhone.ActiveCfg = Release|Any CPU
		{7FFE1076-D1E8-4A18-A0B0-F0FC3ECA4D60}.Release|iPhone.Build.0 = Release|Any CPU
		{7FFE1076-D1E8-4A18-A0B0-F0FC3ECA4D60}.Release|iPhoneSimulator.ActiveCfg = Release|Any CPU
		{7FFE1076-D1E8-4A18-A0B0-F0FC3ECA4D60}.Release|iPhoneSimulator.Build.0 = Release|Any CPU
		{7FFE1076-D1E8-4A18-A0B0-F0FC3ECA4D60}.Release|x64.ActiveCfg = Release|Any CPU
		{7FFE1076-D1E8-4A18-A0B0-F0FC3ECA4D60}.Release|x64.Build.0 = Release|Any CPU
		{7FFE1076-D1E8-4A18-A0B0-F0FC3ECA4D60}.Release|x86.ActiveCfg = Release|Any CPU
		{7FFE1076-D1E8-4A18-A0B0-F0FC3ECA4D60}.Release|x86.Build.0 = Release|Any CPU
		{B1B9E459-BF72-40C4-BFF5-CFE9CF2E1DAF}.Debug|Any CPU.ActiveCfg = Debug|Any CPU
		{B1B9E459-BF72-40C4-BFF5-CFE9CF2E1DAF}.Debug|Any CPU.Build.0 = Debug|Any CPU
		{B1B9E459-BF72-40C4-BFF5-CFE9CF2E1DAF}.Debug|ARM.ActiveCfg = Debug|Any CPU
		{B1B9E459-BF72-40C4-BFF5-CFE9CF2E1DAF}.Debug|ARM.Build.0 = Debug|Any CPU
		{B1B9E459-BF72-40C4-BFF5-CFE9CF2E1DAF}.Debug|iPhone.ActiveCfg = Debug|Any CPU
		{B1B9E459-BF72-40C4-BFF5-CFE9CF2E1DAF}.Debug|iPhone.Build.0 = Debug|Any CPU
		{B1B9E459-BF72-40C4-BFF5-CFE9CF2E1DAF}.Debug|iPhoneSimulator.ActiveCfg = Debug|Any CPU
		{B1B9E459-BF72-40C4-BFF5-CFE9CF2E1DAF}.Debug|iPhoneSimulator.Build.0 = Debug|Any CPU
		{B1B9E459-BF72-40C4-BFF5-CFE9CF2E1DAF}.Debug|x64.ActiveCfg = Debug|Any CPU
		{B1B9E459-BF72-40C4-BFF5-CFE9CF2E1DAF}.Debug|x64.Build.0 = Debug|Any CPU
		{B1B9E459-BF72-40C4-BFF5-CFE9CF2E1DAF}.Debug|x86.ActiveCfg = Debug|Any CPU
		{B1B9E459-BF72-40C4-BFF5-CFE9CF2E1DAF}.Debug|x86.Build.0 = Debug|Any CPU
		{B1B9E459-BF72-40C4-BFF5-CFE9CF2E1DAF}.Release|Any CPU.ActiveCfg = Release|Any CPU
		{B1B9E459-BF72-40C4-BFF5-CFE9CF2E1DAF}.Release|Any CPU.Build.0 = Release|Any CPU
		{B1B9E459-BF72-40C4-BFF5-CFE9CF2E1DAF}.Release|ARM.ActiveCfg = Release|Any CPU
		{B1B9E459-BF72-40C4-BFF5-CFE9CF2E1DAF}.Release|ARM.Build.0 = Release|Any CPU
		{B1B9E459-BF72-40C4-BFF5-CFE9CF2E1DAF}.Release|iPhone.ActiveCfg = Release|Any CPU
		{B1B9E459-BF72-40C4-BFF5-CFE9CF2E1DAF}.Release|iPhone.Build.0 = Release|Any CPU
		{B1B9E459-BF72-40C4-BFF5-CFE9CF2E1DAF}.Release|iPhoneSimulator.ActiveCfg = Release|Any CPU
		{B1B9E459-BF72-40C4-BFF5-CFE9CF2E1DAF}.Release|iPhoneSimulator.Build.0 = Release|Any CPU
		{B1B9E459-BF72-40C4-BFF5-CFE9CF2E1DAF}.Release|x64.ActiveCfg = Release|Any CPU
		{B1B9E459-BF72-40C4-BFF5-CFE9CF2E1DAF}.Release|x64.Build.0 = Release|Any CPU
		{B1B9E459-BF72-40C4-BFF5-CFE9CF2E1DAF}.Release|x86.ActiveCfg = Release|Any CPU
		{B1B9E459-BF72-40C4-BFF5-CFE9CF2E1DAF}.Release|x86.Build.0 = Release|Any CPU
		{ED54E43E-4DF9-4911-9047-43C69F8D6F20}.Debug|Any CPU.ActiveCfg = Debug|Any CPU
		{ED54E43E-4DF9-4911-9047-43C69F8D6F20}.Debug|Any CPU.Build.0 = Debug|Any CPU
		{ED54E43E-4DF9-4911-9047-43C69F8D6F20}.Debug|ARM.ActiveCfg = Debug|Any CPU
		{ED54E43E-4DF9-4911-9047-43C69F8D6F20}.Debug|ARM.Build.0 = Debug|Any CPU
		{ED54E43E-4DF9-4911-9047-43C69F8D6F20}.Debug|iPhone.ActiveCfg = Debug|Any CPU
		{ED54E43E-4DF9-4911-9047-43C69F8D6F20}.Debug|iPhone.Build.0 = Debug|Any CPU
		{ED54E43E-4DF9-4911-9047-43C69F8D6F20}.Debug|iPhoneSimulator.ActiveCfg = Debug|Any CPU
		{ED54E43E-4DF9-4911-9047-43C69F8D6F20}.Debug|iPhoneSimulator.Build.0 = Debug|Any CPU
		{ED54E43E-4DF9-4911-9047-43C69F8D6F20}.Debug|x64.ActiveCfg = Debug|Any CPU
		{ED54E43E-4DF9-4911-9047-43C69F8D6F20}.Debug|x64.Build.0 = Debug|Any CPU
		{ED54E43E-4DF9-4911-9047-43C69F8D6F20}.Debug|x86.ActiveCfg = Debug|Any CPU
		{ED54E43E-4DF9-4911-9047-43C69F8D6F20}.Debug|x86.Build.0 = Debug|Any CPU
		{ED54E43E-4DF9-4911-9047-43C69F8D6F20}.Release|Any CPU.ActiveCfg = Release|Any CPU
		{ED54E43E-4DF9-4911-9047-43C69F8D6F20}.Release|Any CPU.Build.0 = Release|Any CPU
		{ED54E43E-4DF9-4911-9047-43C69F8D6F20}.Release|ARM.ActiveCfg = Release|Any CPU
		{ED54E43E-4DF9-4911-9047-43C69F8D6F20}.Release|ARM.Build.0 = Release|Any CPU
		{ED54E43E-4DF9-4911-9047-43C69F8D6F20}.Release|iPhone.ActiveCfg = Release|Any CPU
		{ED54E43E-4DF9-4911-9047-43C69F8D6F20}.Release|iPhone.Build.0 = Release|Any CPU
		{ED54E43E-4DF9-4911-9047-43C69F8D6F20}.Release|iPhoneSimulator.ActiveCfg = Release|Any CPU
		{ED54E43E-4DF9-4911-9047-43C69F8D6F20}.Release|iPhoneSimulator.Build.0 = Release|Any CPU
		{ED54E43E-4DF9-4911-9047-43C69F8D6F20}.Release|x64.ActiveCfg = Release|Any CPU
		{ED54E43E-4DF9-4911-9047-43C69F8D6F20}.Release|x64.Build.0 = Release|Any CPU
		{ED54E43E-4DF9-4911-9047-43C69F8D6F20}.Release|x86.ActiveCfg = Release|Any CPU
		{ED54E43E-4DF9-4911-9047-43C69F8D6F20}.Release|x86.Build.0 = Release|Any CPU
		{FCDCBBE2-7BBB-4289-A3F0-96075D085929}.Debug|Any CPU.ActiveCfg = Debug|Any CPU
		{FCDCBBE2-7BBB-4289-A3F0-96075D085929}.Debug|Any CPU.Build.0 = Debug|Any CPU
		{FCDCBBE2-7BBB-4289-A3F0-96075D085929}.Debug|ARM.ActiveCfg = Debug|Any CPU
		{FCDCBBE2-7BBB-4289-A3F0-96075D085929}.Debug|ARM.Build.0 = Debug|Any CPU
		{FCDCBBE2-7BBB-4289-A3F0-96075D085929}.Debug|iPhone.ActiveCfg = Debug|Any CPU
		{FCDCBBE2-7BBB-4289-A3F0-96075D085929}.Debug|iPhone.Build.0 = Debug|Any CPU
		{FCDCBBE2-7BBB-4289-A3F0-96075D085929}.Debug|iPhoneSimulator.ActiveCfg = Debug|Any CPU
		{FCDCBBE2-7BBB-4289-A3F0-96075D085929}.Debug|iPhoneSimulator.Build.0 = Debug|Any CPU
		{FCDCBBE2-7BBB-4289-A3F0-96075D085929}.Debug|x64.ActiveCfg = Debug|Any CPU
		{FCDCBBE2-7BBB-4289-A3F0-96075D085929}.Debug|x64.Build.0 = Debug|Any CPU
		{FCDCBBE2-7BBB-4289-A3F0-96075D085929}.Debug|x86.ActiveCfg = Debug|Any CPU
		{FCDCBBE2-7BBB-4289-A3F0-96075D085929}.Debug|x86.Build.0 = Debug|Any CPU
		{FCDCBBE2-7BBB-4289-A3F0-96075D085929}.Release|Any CPU.ActiveCfg = Release|Any CPU
		{FCDCBBE2-7BBB-4289-A3F0-96075D085929}.Release|Any CPU.Build.0 = Release|Any CPU
		{FCDCBBE2-7BBB-4289-A3F0-96075D085929}.Release|ARM.ActiveCfg = Release|Any CPU
		{FCDCBBE2-7BBB-4289-A3F0-96075D085929}.Release|ARM.Build.0 = Release|Any CPU
		{FCDCBBE2-7BBB-4289-A3F0-96075D085929}.Release|iPhone.ActiveCfg = Release|Any CPU
		{FCDCBBE2-7BBB-4289-A3F0-96075D085929}.Release|iPhone.Build.0 = Release|Any CPU
		{FCDCBBE2-7BBB-4289-A3F0-96075D085929}.Release|iPhoneSimulator.ActiveCfg = Release|Any CPU
		{FCDCBBE2-7BBB-4289-A3F0-96075D085929}.Release|iPhoneSimulator.Build.0 = Release|Any CPU
		{FCDCBBE2-7BBB-4289-A3F0-96075D085929}.Release|x64.ActiveCfg = Release|Any CPU
		{FCDCBBE2-7BBB-4289-A3F0-96075D085929}.Release|x64.Build.0 = Release|Any CPU
		{FCDCBBE2-7BBB-4289-A3F0-96075D085929}.Release|x86.ActiveCfg = Release|Any CPU
		{FCDCBBE2-7BBB-4289-A3F0-96075D085929}.Release|x86.Build.0 = Release|Any CPU
	EndGlobalSection
	GlobalSection(SolutionProperties) = preSolution
		HideSolutionNode = FALSE
	EndGlobalSection
	GlobalSection(NestedProjects) = preSolution
		{20C5FA89-D5BF-4131-BD8A-F9E966840E84} = {B3F3A2E4-C1FF-42CB-BC19-90964F0051AC}
		{0016462F-6C03-4E82-881D-1912A6D485CE} = {B3F3A2E4-C1FF-42CB-BC19-90964F0051AC}
		{943991D7-394A-4A25-9B70-394B05C75F6B} = {B3F3A2E4-C1FF-42CB-BC19-90964F0051AC}
		{C69F0E78-CB07-4B0E-8260-B5F0AD73F1AD} = {CA7D5A65-F93C-4B1C-B618-B347FE0B0D77}
		{9C646390-3CC7-4C9A-8410-0999278D8142} = {B3F3A2E4-C1FF-42CB-BC19-90964F0051AC}
		{7FFE1076-D1E8-4A18-A0B0-F0FC3ECA4D60} = {2CC39932-C3C5-40A7-BF64-DF084511A46D}
		{B1B9E459-BF72-40C4-BFF5-CFE9CF2E1DAF} = {4E749F29-7458-4F34-9DF2-23E46AF903AF}
		{ED54E43E-4DF9-4911-9047-43C69F8D6F20} = {4E749F29-7458-4F34-9DF2-23E46AF903AF}
		{FCDCBBE2-7BBB-4289-A3F0-96075D085929} = {2CC39932-C3C5-40A7-BF64-DF084511A46D}
	EndGlobalSection
	GlobalSection(ExtensibilityGlobals) = postSolution
		SolutionGuid = {E5E6F3FE-C58C-4FD0-8942-8F4A0FED487E}
		RESX_NeutralResourcesLanguage = es-ES
	EndGlobalSection
EndGlobal
