
Microsoft Visual Studio Solution File, Format Version 12.00
# Visual Studio Version 16
VisualStudioVersion = 16.0.29102.190
MinimumVisualStudioVersion = 10.0.40219.1
Project("{FAE04EC0-301F-11D3-BF4B-00C04F79EFBC}") = "AppCherrys.UWP", "AppCherrys\AppCherrys.UWP\AppCherrys.UWP.csproj", "{20C5FA89-D5BF-4131-BD8A-F9E966840E84}"
EndProject
Project("{FAE04EC0-301F-11D3-BF4B-00C04F79EFBC}") = "AppCherrys.Android", "AppCherrys\AppCherrys.Android\AppCherrys.Android.csproj", "{0016462F-6C03-4E82-881D-1912A6D485CE}"
EndProject
Project("{FAE04EC0-301F-11D3-BF4B-00C04F79EFBC}") = "AppCherrys.iOS", "AppCherrys\AppCherrys.iOS\AppCherrys.iOS.csproj", "{943991D7-394A-4A25-9B70-394B05C75F6B}"
EndProject
Project("{FAE04EC0-301F-11D3-BF4B-00C04F79EFBC}") = "AppCherrys.MobileAppService", "AppCherrys\AppCherrys.MobileAppService\AppCherrys.MobileAppService.csproj", "{C69F0E78-CB07-4B0E-8260-B5F0AD73F1AD}"
EndProject
Project("{FAE04EC0-301F-11D3-BF4B-00C04F79EFBC}") = "AppCherrys", "AppCherrys\AppCherrys\AppCherrys.csproj", "{9C646390-3CC7-4C9A-8410-0999278D8142}"
EndProject
Global
	GlobalSection(SolutionConfigurationPlatforms) = preSolution
		Debug|Any CPU = Debug|Any CPU
		Debug|ARM = Debug|ARM
		Debug|iPhone = Debug|iPhone
		Debug|iPhoneSimulator = Debug|iPhoneSimulator
		Debug|x64 = Debug|x64
		Debug|x86 = Debug|x86
		Release|Any CPU = Release|Any CPU
		Release|ARM = Release|ARM
		Release|iPhone = Release|iPhone
		Release|iPhoneSimulator = Release|iPhoneSimulator
		Release|x64 = Release|x64
		Release|x86 = Release|x86
	EndGlobalSection
	GlobalSection(ProjectConfigurationPlatforms) = postSolution
		{20C5FA89-D5BF-4131-BD8A-F9E966840E84}.Debug|Any CPU.ActiveCfg = Debug|x86
		{20C5FA89-D5BF-4131-BD8A-F9E966840E84}.Debug|Any CPU.Build.0 = Debug|x86
		{20C5FA89-D5BF-4131-BD8A-F9E966840E84}.Debug|Any CPU.Deploy.0 = Debug|x86
		{20C5FA89-D5BF-4131-BD8A-F9E966840E84}.Debug|ARM.ActiveCfg = Debug|ARM
		{20C5FA89-D5BF-4131-BD8A-F9E966840E84}.Debug|ARM.Build.0 = Debug|ARM
		{20C5FA89-D5BF-4131-BD8A-F9E966840E84}.Debug|ARM.Deploy.0 = Debug|ARM
		{20C5FA89-D5BF-4131-BD8A-F9E966840E84}.Debug|iPhone.ActiveCfg = Debug|x86
		{20C5FA89-D5BF-4131-BD8A-F9E966840E84}.Debug|iPhone.Build.0 = Debug|x86
		{20C5FA89-D5BF-4131-BD8A-F9E966840E84}.Debug|iPhone.Deploy.0 = Debug|x86
		{20C5FA89-D5BF-4131-BD8A-F9E966840E84}.Debug|iPhoneSimulator.ActiveCfg = Debug|x86
		{20C5FA89-D5BF-4131-BD8A-F9E966840E84}.Debug|iPhoneSimulator.Build.0 = Debug|x86
		{20C5FA89-D5BF-4131-BD8A-F9E966840E84}.Debug|iPhoneSimulator.Deploy.0 = Debug|x86
		{20C5FA89-D5BF-4131-BD8A-F9E966840E84}.Debug|x64.ActiveCfg = Debug|x64
		{20C5FA89-D5BF-4131-BD8A-F9E966840E84}.Debug|x64.Build.0 = Debug|x64
		{20C5FA89-D5BF-4131-BD8A-F9E966840E84}.Debug|x64.Deploy.0 = Debug|x64
		{20C5FA89-D5BF-4131-BD8A-F9E966840E84}.Debug|x86.ActiveCfg = Debug|x86
		{20C5FA89-D5BF-4131-BD8A-F9E966840E84}.Debug|x86.Build.0 = Debug|x86
		{20C5FA89-D5BF-4131-BD8A-F9E966840E84}.Debug|x86.Deploy.0 = Debug|x86
		{20C5FA89-D5BF-4131-BD8A-F9E966840E84}.Release|Any CPU.ActiveCfg = Release|x86
		{20C5FA89-D5BF-4131-BD8A-F9E966840E84}.Release|Any CPU.Build.0 = Release|x86
		{20C5FA89-D5BF-4131-BD8A-F9E966840E84}.Release|Any CPU.Deploy.0 = Release|x86
		{20C5FA89-D5BF-4131-BD8A-F9E966840E84}.Release|ARM.ActiveCfg = Release|ARM
		{20C5FA89-D5BF-4131-BD8A-F9E966840E84}.Release|ARM.Build.0 = Release|ARM
		{20C5FA89-D5BF-4131-BD8A-F9E966840E84}.Release|ARM.Deploy.0 = Release|ARM
		{20C5FA89-D5BF-4131-BD8A-F9E966840E84}.Release|iPhone.ActiveCfg = Release|x86
		{20C5FA89-D5BF-4131-BD8A-F9E966840E84}.Release|iPhone.Build.0 = Release|x86
		{20C5FA89-D5BF-4131-BD8A-F9E966840E84}.Release|iPhone.Deploy.0 = Release|x86
		{20C5FA89-D5BF-4131-BD8A-F9E966840E84}.Release|iPhoneSimulator.ActiveCfg = Release|x86
		{20C5FA89-D5BF-4131-BD8A-F9E966840E84}.Release|iPhoneSimulator.Build.0 = Release|x86
		{20C5FA89-D5BF-4131-BD8A-F9E966840E84}.Release|iPhoneSimulator.Deploy.0 = Release|x86
		{20C5FA89-D5BF-4131-BD8A-F9E966840E84}.Release|x64.ActiveCfg = Release|x64
		{20C5FA89-D5BF-4131-BD8A-F9E966840E84}.Release|x64.Build.0 = Release|x64
		{20C5FA89-D5BF-4131-BD8A-F9E966840E84}.Release|x64.Deploy.0 = Release|x64
		{20C5FA89-D5BF-4131-BD8A-F9E966840E84}.Release|x86.ActiveCfg = Release|x86
		{20C5FA89-D5BF-4131-BD8A-F9E966840E84}.Release|x86.Build.0 = Release|x86
		{20C5FA89-D5BF-4131-BD8A-F9E966840E84}.Release|x86.Deploy.0 = Release|x86
		{0016462F-6C03-4E82-881D-1912A6D485CE}.Debug|Any CPU.ActiveCfg = Debug|Any CPU
		{0016462F-6C03-4E82-881D-1912A6D485CE}.Debug|Any CPU.Build.0 = Debug|Any CPU
		{0016462F-6C03-4E82-881D-1912A6D485CE}.Debug|Any CPU.Deploy.0 = Debug|Any CPU
		{0016462F-6C03-4E82-881D-1912A6D485CE}.Debug|ARM.ActiveCfg = Debug|Any CPU
		{0016462F-6C03-4E82-881D-1912A6D485CE}.Debug|ARM.Build.0 = Debug|Any CPU
		{0016462F-6C03-4E82-881D-1912A6D485CE}.Debug|ARM.Deploy.0 = Debug|Any CPU
		{0016462F-6C03-4E82-881D-1912A6D485CE}.Debug|iPhone.ActiveCfg = Debug|Any CPU
		{0016462F-6C03-4E82-881D-1912A6D485CE}.Debug|iPhone.Build.0 = Debug|Any CPU
		{0016462F-6C03-4E82-881D-1912A6D485CE}.Debug|iPhone.Deploy.0 = Debug|Any CPU
		{0016462F-6C03-4E82-881D-1912A6D485CE}.Debug|iPhoneSimulator.ActiveCfg = Debug|Any CPU
		{0016462F-6C03-4E82-881D-1912A6D485CE}.Debug|iPhoneSimulator.Build.0 = Debug|Any CPU
		{0016462F-6C03-4E82-881D-1912A6D485CE}.Debug|iPhoneSimulator.Deploy.0 = Debug|Any CPU
		{0016462F-6C03-4E82-881D-1912A6D485CE}.Debug|x64.ActiveCfg = Debug|Any CPU
		{0016462F-6C03-4E82-881D-1912A6D485CE}.Debug|x64.Build.0 = Debug|Any CPU
		{0016462F-6C03-4E82-881D-1912A6D485CE}.Debug|x64.Deploy.0 = Debug|Any CPU
		{0016462F-6C03-4E82-881D-1912A6D485CE}.Debug|x86.ActiveCfg = Debug|Any CPU
		{0016462F-6C03-4E82-881D-1912A6D485CE}.Debug|x86.Build.0 = Debug|Any CPU
		{0016462F-6C03-4E82-881D-1912A6D485CE}.Debug|x86.Deploy.0 = Debug|Any CPU
		{0016462F-6C03-4E82-881D-1912A6D485CE}.Release|Any CPU.ActiveCfg = Release|Any CPU
		{0016462F-6C03-4E82-881D-1912A6D485CE}.Release|Any CPU.Build.0 = Release|Any CPU
		{0016462F-6C03-4E82-881D-1912A6D485CE}.Release|Any CPU.Deploy.0 = Release|Any CPU
		{0016462F-6C03-4E82-881D-1912A6D485CE}.Release|ARM.ActiveCfg = Release|Any CPU
		{0016462F-6C03-4E82-881D-1912A6D485CE}.Release|ARM.Build.0 = Release|Any CPU
		{0016462F-6C03-4E82-881D-1912A6D485CE}.Release|ARM.Deploy.0 = Release|Any CPU
		{0016462F-6C03-4E82-881D-1912A6D485CE}.Release|iPhone.ActiveCfg = Release|Any CPU
		{0016462F-6C03-4E82-881D-1912A6D485CE}.Release|iPhone.Build.0 = Release|Any CPU
		{0016462F-6C03-4E82-881D-1912A6D485CE}.Release|iPhone.Deploy.0 = Release|Any CPU
		{0016462F-6C03-4E82-881D-1912A6D485CE}.Release|iPhoneSimulator.ActiveCfg = Release|Any CPU
		{0016462F-6C03-4E82-881D-1912A6D485CE}.Release|iPhoneSimulator.Build.0 = Release|Any CPU
		{0016462F-6C03-4E82-881D-1912A6D485CE}.Release|iPhoneSimulator.Deploy.0 = Release|Any CPU
		{0016462F-6C03-4E82-881D-1912A6D485CE}.Release|x64.ActiveCfg = Release|Any CPU
		{0016462F-6C03-4E82-881D-1912A6D485CE}.Release|x64.Build.0 = Release|Any CPU
		{0016462F-6C03-4E82-881D-1912A6D485CE}.Release|x64.Deploy.0 = Release|Any CPU
		{0016462F-6C03-4E82-881D-1912A6D485CE}.Release|x86.ActiveCfg = Release|Any CPU
		{0016462F-6C03-4E82-881D-1912A6D485CE}.Release|x86.Build.0 = Release|Any CPU
		{0016462F-6C03-4E82-881D-1912A6D485CE}.Release|x86.Deploy.0 = Release|Any CPU
		{943991D7-394A-4A25-9B70-394B05C75F6B}.Debug|Any CPU.ActiveCfg = Debug|iPhone
		{943991D7-394A-4A25-9B70-394B05C75F6B}.Debug|Any CPU.Build.0 = Debug|iPhone
		{943991D7-394A-4A25-9B70-394B05C75F6B}.Debug|Any CPU.Deploy.0 = Debug|iPhone
		{943991D7-394A-4A25-9B70-394B05C75F6B}.Debug|ARM.ActiveCfg = Debug|iPhoneSimulator
		{943991D7-394A-4A25-9B70-394B05C75F6B}.Debug|ARM.Build.0 = Debug|iPhoneSimulator
		{943991D7-394A-4A25-9B70-394B05C75F6B}.Debug|ARM.Deploy.0 = Debug|iPhoneSimulator
		{943991D7-394A-4A25-9B70-394B05C75F6B}.Debug|iPhone.ActiveCfg = Debug|iPhone
		{943991D7-394A-4A25-9B70-394B05C75F6B}.Debug|iPhone.Build.0 = Debug|iPhone
		{943991D7-394A-4A25-9B70-394B05C75F6B}.Debug|iPhone.Deploy.0 = Debug|iPhone
		{943991D7-394A-4A25-9B70-394B05C75F6B}.Debug|iPhoneSimulator.ActiveCfg = Debug|iPhoneSimulator
		{943991D7-394A-4A25-9B70-394B05C75F6B}.Debug|iPhoneSimulator.Build.0 = Debug|iPhoneSimulator
		{943991D7-394A-4A25-9B70-394B05C75F6B}.Debug|iPhoneSimulator.Deploy.0 = Debug|iPhoneSimulator
		{943991D7-394A-4A25-9B70-394B05C75F6B}.Debug|x64.ActiveCfg = Debug|iPhone
		{943991D7-394A-4A25-9B70-394B05C75F6B}.Debug|x64.Build.0 = Debug|iPhone
		{943991D7-394A-4A25-9B70-394B05C75F6B}.Debug|x64.Deploy.0 = Debug|iPhone
		{943991D7-394A-4A25-9B70-394B05C75F6B}.Debug|x86.ActiveCfg = Debug|iPhone
		{943991D7-394A-4A25-9B70-394B05C75F6B}.Debug|x86.Build.0 = Debug|iPhone
		{943991D7-394A-4A25-9B70-394B05C75F6B}.Debug|x86.Deploy.0 = Debug|iPhone
		{943991D7-394A-4A25-9B70-394B05C75F6B}.Release|Any CPU.ActiveCfg = Release|iPhone
		{943991D7-394A-4A25-9B70-394B05C75F6B}.Release|Any CPU.Build.0 = Release|iPhone
		{943991D7-394A-4A25-9B70-394B05C75F6B}.Release|Any CPU.Deploy.0 = Release|iPhone
		{943991D7-394A-4A25-9B70-394B05C75F6B}.Release|ARM.ActiveCfg = Release|iPhone
		{943991D7-394A-4A25-9B70-394B05C75F6B}.Release|ARM.Build.0 = Release|iPhone
		{943991D7-394A-4A25-9B70-394B05C75F6B}.Release|ARM.Deploy.0 = Release|iPhone
		{943991D7-394A-4A25-9B70-394B05C75F6B}.Release|iPhone.ActiveCfg = Release|iPhone
		{943991D7-394A-4A25-9B70-394B05C75F6B}.Release|iPhone.Build.0 = Release|iPhone
		{943991D7-394A-4A25-9B70-394B05C75F6B}.Release|iPhone.Deploy.0 = Release|iPhone
		{943991D7-394A-4A25-9B70-394B05C75F6B}.Release|iPhoneSimulator.ActiveCfg = Release|iPhoneSimulator
		{943991D7-394A-4A25-9B70-394B05C75F6B}.Release|iPhoneSimulator.Build.0 = Release|iPhoneSimulator
		{943991D7-394A-4A25-9B70-394B05C75F6B}.Release|iPhoneSimulator.Deploy.0 = Release|iPhoneSimulator
		{943991D7-394A-4A25-9B70-394B05C75F6B}.Release|x64.ActiveCfg = Release|iPhone
		{943991D7-394A-4A25-9B70-394B05C75F6B}.Release|x64.Build.0 = Release|iPhone
		{943991D7-394A-4A25-9B70-394B05C75F6B}.Release|x64.Deploy.0 = Release|iPhone
		{943991D7-394A-4A25-9B70-394B05C75F6B}.Release|x86.ActiveCfg = Release|iPhone
		{943991D7-394A-4A25-9B70-394B05C75F6B}.Release|x86.Build.0 = Release|iPhone
		{943991D7-394A-4A25-9B70-394B05C75F6B}.Release|x86.Deploy.0 = Release|iPhone
		{C69F0E78-CB07-4B0E-8260-B5F0AD73F1AD}.Debug|Any CPU.ActiveCfg = Debug|Any CPU
		{C69F0E78-CB07-4B0E-8260-B5F0AD73F1AD}.Debug|Any CPU.Build.0 = Debug|Any CPU
		{C69F0E78-CB07-4B0E-8260-B5F0AD73F1AD}.Debug|Any CPU.Deploy.0 = Debug|Any CPU
		{C69F0E78-CB07-4B0E-8260-B5F0AD73F1AD}.Debug|ARM.ActiveCfg = Debug|Any CPU
		{C69F0E78-CB07-4B0E-8260-B5F0AD73F1AD}.Debug|ARM.Build.0 = Debug|Any CPU
		{C69F0E78-CB07-4B0E-8260-B5F0AD73F1AD}.Debug|ARM.Deploy.0 = Debug|Any CPU
		{C69F0E78-CB07-4B0E-8260-B5F0AD73F1AD}.Debug|iPhone.ActiveCfg = Debug|Any CPU
		{C69F0E78-CB07-4B0E-8260-B5F0AD73F1AD}.Debug|iPhone.Build.0 = Debug|Any CPU
		{C69F0E78-CB07-4B0E-8260-B5F0AD73F1AD}.Debug|iPhone.Deploy.0 = Debug|Any CPU
		{C69F0E78-CB07-4B0E-8260-B5F0AD73F1AD}.Debug|iPhoneSimulator.ActiveCfg = Debug|Any CPU
		{C69F0E78-CB07-4B0E-8260-B5F0AD73F1AD}.Debug|iPhoneSimulator.Build.0 = Debug|Any CPU
		{C69F0E78-CB07-4B0E-8260-B5F0AD73F1AD}.Debug|iPhoneSimulator.Deploy.0 = Debug|Any CPU
		{C69F0E78-CB07-4B0E-8260-B5F0AD73F1AD}.Debug|x64.ActiveCfg = Debug|Any CPU
		{C69F0E78-CB07-4B0E-8260-B5F0AD73F1AD}.Debug|x64.Build.0 = Debug|Any CPU
		{C69F0E78-CB07-4B0E-8260-B5F0AD73F1AD}.Debug|x64.Deploy.0 = Debug|Any CPU
		{C69F0E78-CB07-4B0E-8260-B5F0AD73F1AD}.Debug|x86.ActiveCfg = Debug|Any CPU
		{C69F0E78-CB07-4B0E-8260-B5F0AD73F1AD}.Debug|x86.Build.0 = Debug|Any CPU
		{C69F0E78-CB07-4B0E-8260-B5F0AD73F1AD}.Debug|x86.Deploy.0 = Debug|Any CPU
		{C69F0E78-CB07-4B0E-8260-B5F0AD73F1AD}.Release|Any CPU.ActiveCfg = Release|Any CPU
		{C69F0E78-CB07-4B0E-8260-B5F0AD73F1AD}.Release|Any CPU.Build.0 = Release|Any CPU
		{C69F0E78-CB07-4B0E-8260-B5F0AD73F1AD}.Release|Any CPU.Deploy.0 = Release|Any CPU
		{C69F0E78-CB07-4B0E-8260-B5F0AD73F1AD}.Release|ARM.ActiveCfg = Release|Any CPU
		{C69F0E78-CB07-4B0E-8260-B5F0AD73F1AD}.Release|ARM.Build.0 = Release|Any CPU
		{C69F0E78-CB07-4B0E-8260-B5F0AD73F1AD}.Release|ARM.Deploy.0 = Release|Any CPU
		{C69F0E78-CB07-4B0E-8260-B5F0AD73F1AD}.Release|iPhone.ActiveCfg = Release|Any CPU
		{C69F0E78-CB07-4B0E-8260-B5F0AD73F1AD}.Release|iPhone.Build.0 = Release|Any CPU
		{C69F0E78-CB07-4B0E-8260-B5F0AD73F1AD}.Release|iPhone.Deploy.0 = Release|Any CPU
		{C69F0E78-CB07-4B0E-8260-B5F0AD73F1AD}.Release|iPhoneSimulator.ActiveCfg = Release|Any CPU
		{C69F0E78-CB07-4B0E-8260-B5F0AD73F1AD}.Release|iPhoneSimulator.Build.0 = Release|Any CPU
		{C69F0E78-CB07-4B0E-8260-B5F0AD73F1AD}.Release|iPhoneSimulator.Deploy.0 = Release|Any CPU
		{C69F0E78-CB07-4B0E-8260-B5F0AD73F1AD}.Release|x64.ActiveCfg = Release|Any CPU
		{C69F0E78-CB07-4B0E-8260-B5F0AD73F1AD}.Release|x64.Build.0 = Release|Any CPU
		{C69F0E78-CB07-4B0E-8260-B5F0AD73F1AD}.Release|x64.Deploy.0 = Release|Any CPU
		{C69F0E78-CB07-4B0E-8260-B5F0AD73F1AD}.Release|x86.ActiveCfg = Release|Any CPU
		{C69F0E78-CB07-4B0E-8260-B5F0AD73F1AD}.Release|x86.Build.0 = Release|Any CPU
		{C69F0E78-CB07-4B0E-8260-B5F0AD73F1AD}.Release|x86.Deploy.0 = Release|Any CPU
		{9C646390-3CC7-4C9A-8410-0999278D8142}.Debug|Any CPU.ActiveCfg = Debug|Any CPU
		{9C646390-3CC7-4C9A-8410-0999278D8142}.Debug|Any CPU.Build.0 = Debug|Any CPU
		{9C646390-3CC7-4C9A-8410-0999278D8142}.Debug|Any CPU.Deploy.0 = Debug|Any CPU
		{9C646390-3CC7-4C9A-8410-0999278D8142}.Debug|ARM.ActiveCfg = Debug|Any CPU
		{9C646390-3CC7-4C9A-8410-0999278D8142}.Debug|ARM.Build.0 = Debug|Any CPU
		{9C646390-3CC7-4C9A-8410-0999278D8142}.Debug|ARM.Deploy.0 = Debug|Any CPU
		{9C646390-3CC7-4C9A-8410-0999278D8142}.Debug|iPhone.ActiveCfg = Debug|Any CPU
		{9C646390-3CC7-4C9A-8410-0999278D8142}.Debug|iPhone.Build.0 = Debug|Any CPU
		{9C646390-3CC7-4C9A-8410-0999278D8142}.Debug|iPhone.Deploy.0 = Debug|Any CPU
		{9C646390-3CC7-4C9A-8410-0999278D8142}.Debug|iPhoneSimulator.ActiveCfg = Debug|Any CPU
		{9C646390-3CC7-4C9A-8410-0999278D8142}.Debug|iPhoneSimulator.Build.0 = Debug|Any CPU
		{9C646390-3CC7-4C9A-8410-0999278D8142}.Debug|iPhoneSimulator.Deploy.0 = Debug|Any CPU
		{9C646390-3CC7-4C9A-8410-0999278D8142}.Debug|x64.ActiveCfg = Debug|Any CPU
		{9C646390-3CC7-4C9A-8410-0999278D8142}.Debug|x64.Build.0 = Debug|Any CPU
		{9C646390-3CC7-4C9A-8410-0999278D8142}.Debug|x64.Deploy.0 = Debug|Any CPU
		{9C646390-3CC7-4C9A-8410-0999278D8142}.Debug|x86.ActiveCfg = Debug|Any CPU
		{9C646390-3CC7-4C9A-8410-0999278D8142}.Debug|x86.Build.0 = Debug|Any CPU
		{9C646390-3CC7-4C9A-8410-0999278D8142}.Debug|x86.Deploy.0 = Debug|Any CPU
		{9C646390-3CC7-4C9A-8410-0999278D8142}.Release|Any CPU.ActiveCfg = Release|Any CPU
		{9C646390-3CC7-4C9A-8410-0999278D8142}.Release|Any CPU.Build.0 = Release|Any CPU
		{9C646390-3CC7-4C9A-8410-0999278D8142}.Release|Any CPU.Deploy.0 = Release|Any CPU
		{9C646390-3CC7-4C9A-8410-0999278D8142}.Release|ARM.ActiveCfg = Release|Any CPU
		{9C646390-3CC7-4C9A-8410-0999278D8142}.Release|ARM.Build.0 = Release|Any CPU
		{9C646390-3CC7-4C9A-8410-0999278D8142}.Release|ARM.Deploy.0 = Release|Any CPU
		{9C646390-3CC7-4C9A-8410-0999278D8142}.Release|iPhone.ActiveCfg = Release|Any CPU
		{9C646390-3CC7-4C9A-8410-0999278D8142}.Release|iPhone.Build.0 = Release|Any CPU
		{9C646390-3CC7-4C9A-8410-0999278D8142}.Release|iPhone.Deploy.0 = Release|Any CPU
		{9C646390-3CC7-4C9A-8410-0999278D8142}.Release|iPhoneSimulator.ActiveCfg = Release|Any CPU
		{9C646390-3CC7-4C9A-8410-0999278D8142}.Release|iPhoneSimulator.Build.0 = Release|Any CPU
		{9C646390-3CC7-4C9A-8410-0999278D8142}.Release|iPhoneSimulator.Deploy.0 = Release|Any CPU
		{9C646390-3CC7-4C9A-8410-0999278D8142}.Release|x64.ActiveCfg = Release|Any CPU
		{9C646390-3CC7-4C9A-8410-0999278D8142}.Release|x64.Build.0 = Release|Any CPU
		{9C646390-3CC7-4C9A-8410-0999278D8142}.Release|x64.Deploy.0 = Release|Any CPU
		{9C646390-3CC7-4C9A-8410-0999278D8142}.Release|x86.ActiveCfg = Release|Any CPU
		{9C646390-3CC7-4C9A-8410-0999278D8142}.Release|x86.Build.0 = Release|Any CPU
		{9C646390-3CC7-4C9A-8410-0999278D8142}.Release|x86.Deploy.0 = Release|Any CPU
	EndGlobalSection
	GlobalSection(SolutionProperties) = preSolution
		HideSolutionNode = FALSE
	EndGlobalSection
	GlobalSection(ExtensibilityGlobals) = postSolution
		SolutionGuid = {E5E6F3FE-C58C-4FD0-8942-8F4A0FED487E}
	EndGlobalSection
EndGlobal
