
Microsoft Visual Studio Solution File, Format Version 12.00
# Visual Studio Version 16
VisualStudioVersion = 16.0.29102.190
MinimumVisualStudioVersion = 10.0.40219.1
Project("{2150E333-8FDC-42A3-9474-1A3956D46DE8}") = "02 Cliente", "02 Cliente", "{B3F3A2E4-C1FF-42CB-BC19-90964F0051AC}"
EndProject
Project("{2150E333-8FDC-42A3-9474-1A3956D46DE8}") = "03 Servidor", "03 Servidor", "{CA7D5A65-F93C-4B1C-B618-B347FE0B0D77}"
EndProject
Project("{2150E333-8FDC-42A3-9474-1A3956D46DE8}") = "01 Comun", "01 Comun", "{2CC39932-C3C5-40A7-BF64-DF084511A46D}"
EndProject
Project("{2150E333-8FDC-42A3-9474-1A3956D46DE8}") = "04 TestUnitarios", "04 TestUnitarios", "{4E749F29-7458-4F34-9DF2-23E46AF903AF}"
EndProject
Project("{9A19103F-16F7-4668-BE54-9A1E7A4F7556}") = "KQ.TU", "TestUnitarios\AppCherrysTU\KQ.TU.csproj", "{B1B9E459-BF72-40C4-BFF5-CFE9CF2E1DAF}"
EndProject
Project("{9A19103F-16F7-4668-BE54-9A1E7A4F7556}") = "KQ.Client.TU", "TestUnitarios\AppCherrysClientTU\KQ.Client.TU.csproj", "{ED54E43E-4DF9-4911-9047-43C69F8D6F20}"
EndProject
Project("{9A19103F-16F7-4668-BE54-9A1E7A4F7556}") = "ST.Utilidades.TU", "TestUnitarios\ST_Utilidades_TU\ST.Utilidades.TU.csproj", "{AB0531C9-1BFC-466A-8D71-DEB51B4112C5}"
EndProject
Project("{2150E333-8FDC-42A3-9474-1A3956D46DE8}") = "00 ST", "00 ST", "{1F0E2F03-17FC-40AC-AF91-BEA77C550DA7}"
EndProject
Project("{9A19103F-16F7-4668-BE54-9A1E7A4F7556}") = "ST.ControlesCliente", "..\ST_CommonLib\ST_ControlesCliente\ST.ControlesCliente.csproj", "{0A6B69B7-4715-482C-8B9D-08910C0F206D}"
EndProject
Project("{9A19103F-16F7-4668-BE54-9A1E7A4F7556}") = "ST.Utilidades", "..\ST_CommonLib\ST_Utilidades\ST.Utilidades.csproj", "{4595FF4A-E716-4E66-9150-D9CEFFC00E6D}"
EndProject
Project("{FAE04EC0-301F-11D3-BF4B-00C04F79EFBC}") = "ST.UtilidadesDroid", "..\ST_CommonLib\ST_UtilidadesDroid\ST.UtilidadesDroid.csproj", "{219570C6-A3A8-4862-A72E-148BCB8DA158}"
EndProject
Project("{9A19103F-16F7-4668-BE54-9A1E7A4F7556}") = "KQ.CommonLib", "KQ.CommonLib\KQ.CommonLib.csproj", "{C004CB78-6026-47D0-8EF3-7F6910B29A4F}"
EndProject
Project("{9A19103F-16F7-4668-BE54-9A1E7A4F7556}") = "KQ.Xamarin", "KQ.Cliente\KQ.Xamarin\KQ.Xamarin.csproj", "{7353C119-7869-4020-96B6-32FC1BAEC7DE}"
EndProject
Project("{FAE04EC0-301F-11D3-BF4B-00C04F79EFBC}") = "KQ.iOS", "KQ.Cliente\KQ.iOS\KQ.iOS.csproj", "{943991D7-394A-4A25-9B70-394B05C75F6B}"
EndProject
Project("{FAE04EC0-301F-11D3-BF4B-00C04F79EFBC}") = "KQ.Android", "KQ.Cliente\KQ.Android\KQ.Android.csproj", "{0016462F-6C03-4E82-881D-1912A6D485CE}"
EndProject
Project("{9A19103F-16F7-4668-BE54-9A1E7A4F7556}") = "KQ.Service", "KQ.Servidor\KQ.Service\KQ.Service.csproj", "{C6BFED93-759C-4D3F-856B-F36CB49ED4FE}"
EndProject
Project("{FAE04EC0-301F-11D3-BF4B-00C04F79EFBC}") = "KQ.Web", "KQ.Cliente\KQ.Web\KQ.Web.csproj", "{3B90DADB-95D4-4C9B-AD16-70AD65E8E3FB}"
EndProject
Global
	GlobalSection(SolutionConfigurationPlatforms) = preSolution
		Ad-Hoc|Any CPU = Ad-Hoc|Any CPU
		Ad-Hoc|ARM = Ad-Hoc|ARM
		Ad-Hoc|iPhone = Ad-Hoc|iPhone
		Ad-Hoc|iPhoneSimulator = Ad-Hoc|iPhoneSimulator
		Ad-Hoc|x64 = Ad-Hoc|x64
		Ad-Hoc|x86 = Ad-Hoc|x86
		AppStore|Any CPU = AppStore|Any CPU
		AppStore|ARM = AppStore|ARM
		AppStore|iPhone = AppStore|iPhone
		AppStore|iPhoneSimulator = AppStore|iPhoneSimulator
		AppStore|x64 = AppStore|x64
		AppStore|x86 = AppStore|x86
		Debug|Any CPU = Debug|Any CPU
		Debug|ARM = Debug|ARM
		Debug|iPhone = Debug|iPhone
		Debug|iPhoneSimulator = Debug|iPhoneSimulator
		Debug|x64 = Debug|x64
		Debug|x86 = Debug|x86
		Release|Any CPU = Release|Any CPU
		Release|ARM = Release|ARM
		Release|iPhone = Release|iPhone
		Release|iPhoneSimulator = Release|iPhoneSimulator
		Release|x64 = Release|x64
		Release|x86 = Release|x86
	EndGlobalSection
	GlobalSection(ProjectConfigurationPlatforms) = postSolution
		{B1B9E459-BF72-40C4-BFF5-CFE9CF2E1DAF}.Ad-Hoc|Any CPU.ActiveCfg = Release|Any CPU
		{B1B9E459-BF72-40C4-BFF5-CFE9CF2E1DAF}.Ad-Hoc|Any CPU.Build.0 = Release|Any CPU
		{B1B9E459-BF72-40C4-BFF5-CFE9CF2E1DAF}.Ad-Hoc|ARM.ActiveCfg = Release|Any CPU
		{B1B9E459-BF72-40C4-BFF5-CFE9CF2E1DAF}.Ad-Hoc|ARM.Build.0 = Release|Any CPU
		{B1B9E459-BF72-40C4-BFF5-CFE9CF2E1DAF}.Ad-Hoc|iPhone.ActiveCfg = Release|Any CPU
		{B1B9E459-BF72-40C4-BFF5-CFE9CF2E1DAF}.Ad-Hoc|iPhone.Build.0 = Release|Any CPU
		{B1B9E459-BF72-40C4-BFF5-CFE9CF2E1DAF}.Ad-Hoc|iPhoneSimulator.ActiveCfg = Release|Any CPU
		{B1B9E459-BF72-40C4-BFF5-CFE9CF2E1DAF}.Ad-Hoc|iPhoneSimulator.Build.0 = Release|Any CPU
		{B1B9E459-BF72-40C4-BFF5-CFE9CF2E1DAF}.Ad-Hoc|x64.ActiveCfg = Release|Any CPU
		{B1B9E459-BF72-40C4-BFF5-CFE9CF2E1DAF}.Ad-Hoc|x64.Build.0 = Release|Any CPU
		{B1B9E459-BF72-40C4-BFF5-CFE9CF2E1DAF}.Ad-Hoc|x86.ActiveCfg = Release|Any CPU
		{B1B9E459-BF72-40C4-BFF5-CFE9CF2E1DAF}.Ad-Hoc|x86.Build.0 = Release|Any CPU
		{B1B9E459-BF72-40C4-BFF5-CFE9CF2E1DAF}.AppStore|Any CPU.ActiveCfg = Release|Any CPU
		{B1B9E459-BF72-40C4-BFF5-CFE9CF2E1DAF}.AppStore|Any CPU.Build.0 = Release|Any CPU
		{B1B9E459-BF72-40C4-BFF5-CFE9CF2E1DAF}.AppStore|ARM.ActiveCfg = Release|Any CPU
		{B1B9E459-BF72-40C4-BFF5-CFE9CF2E1DAF}.AppStore|ARM.Build.0 = Release|Any CPU
		{B1B9E459-BF72-40C4-BFF5-CFE9CF2E1DAF}.AppStore|iPhone.ActiveCfg = Release|Any CPU
		{B1B9E459-BF72-40C4-BFF5-CFE9CF2E1DAF}.AppStore|iPhone.Build.0 = Release|Any CPU
		{B1B9E459-BF72-40C4-BFF5-CFE9CF2E1DAF}.AppStore|iPhoneSimulator.ActiveCfg = Release|Any CPU
		{B1B9E459-BF72-40C4-BFF5-CFE9CF2E1DAF}.AppStore|iPhoneSimulator.Build.0 = Release|Any CPU
		{B1B9E459-BF72-40C4-BFF5-CFE9CF2E1DAF}.AppStore|x64.ActiveCfg = Release|Any CPU
		{B1B9E459-BF72-40C4-BFF5-CFE9CF2E1DAF}.AppStore|x64.Build.0 = Release|Any CPU
		{B1B9E459-BF72-40C4-BFF5-CFE9CF2E1DAF}.AppStore|x86.ActiveCfg = Release|Any CPU
		{B1B9E459-BF72-40C4-BFF5-CFE9CF2E1DAF}.AppStore|x86.Build.0 = Release|Any CPU
		{B1B9E459-BF72-40C4-BFF5-CFE9CF2E1DAF}.Debug|Any CPU.ActiveCfg = Debug|Any CPU
		{B1B9E459-BF72-40C4-BFF5-CFE9CF2E1DAF}.Debug|Any CPU.Build.0 = Debug|Any CPU
		{B1B9E459-BF72-40C4-BFF5-CFE9CF2E1DAF}.Debug|ARM.ActiveCfg = Debug|Any CPU
		{B1B9E459-BF72-40C4-BFF5-CFE9CF2E1DAF}.Debug|ARM.Build.0 = Debug|Any CPU
		{B1B9E459-BF72-40C4-BFF5-CFE9CF2E1DAF}.Debug|iPhone.ActiveCfg = Debug|Any CPU
		{B1B9E459-BF72-40C4-BFF5-CFE9CF2E1DAF}.Debug|iPhone.Build.0 = Debug|Any CPU
		{B1B9E459-BF72-40C4-BFF5-CFE9CF2E1DAF}.Debug|iPhoneSimulator.ActiveCfg = Debug|Any CPU
		{B1B9E459-BF72-40C4-BFF5-CFE9CF2E1DAF}.Debug|iPhoneSimulator.Build.0 = Debug|Any CPU
		{B1B9E459-BF72-40C4-BFF5-CFE9CF2E1DAF}.Debug|x64.ActiveCfg = Debug|Any CPU
		{B1B9E459-BF72-40C4-BFF5-CFE9CF2E1DAF}.Debug|x64.Build.0 = Debug|Any CPU
		{B1B9E459-BF72-40C4-BFF5-CFE9CF2E1DAF}.Debug|x86.ActiveCfg = Debug|Any CPU
		{B1B9E459-BF72-40C4-BFF5-CFE9CF2E1DAF}.Debug|x86.Build.0 = Debug|Any CPU
		{B1B9E459-BF72-40C4-BFF5-CFE9CF2E1DAF}.Release|Any CPU.ActiveCfg = Release|Any CPU
		{B1B9E459-BF72-40C4-BFF5-CFE9CF2E1DAF}.Release|Any CPU.Build.0 = Release|Any CPU
		{B1B9E459-BF72-40C4-BFF5-CFE9CF2E1DAF}.Release|ARM.ActiveCfg = Release|Any CPU
		{B1B9E459-BF72-40C4-BFF5-CFE9CF2E1DAF}.Release|ARM.Build.0 = Release|Any CPU
		{B1B9E459-BF72-40C4-BFF5-CFE9CF2E1DAF}.Release|iPhone.ActiveCfg = Release|Any CPU
		{B1B9E459-BF72-40C4-BFF5-CFE9CF2E1DAF}.Release|iPhone.Build.0 = Release|Any CPU
		{B1B9E459-BF72-40C4-BFF5-CFE9CF2E1DAF}.Release|iPhoneSimulator.ActiveCfg = Release|Any CPU
		{B1B9E459-BF72-40C4-BFF5-CFE9CF2E1DAF}.Release|iPhoneSimulator.Build.0 = Release|Any CPU
		{B1B9E459-BF72-40C4-BFF5-CFE9CF2E1DAF}.Release|x64.ActiveCfg = Release|Any CPU
		{B1B9E459-BF72-40C4-BFF5-CFE9CF2E1DAF}.Release|x64.Build.0 = Release|Any CPU
		{B1B9E459-BF72-40C4-BFF5-CFE9CF2E1DAF}.Release|x86.ActiveCfg = Release|Any CPU
		{B1B9E459-BF72-40C4-BFF5-CFE9CF2E1DAF}.Release|x86.Build.0 = Release|Any CPU
		{ED54E43E-4DF9-4911-9047-43C69F8D6F20}.Ad-Hoc|Any CPU.ActiveCfg = Release|Any CPU
		{ED54E43E-4DF9-4911-9047-43C69F8D6F20}.Ad-Hoc|Any CPU.Build.0 = Release|Any CPU
		{ED54E43E-4DF9-4911-9047-43C69F8D6F20}.Ad-Hoc|ARM.ActiveCfg = Release|Any CPU
		{ED54E43E-4DF9-4911-9047-43C69F8D6F20}.Ad-Hoc|ARM.Build.0 = Release|Any CPU
		{ED54E43E-4DF9-4911-9047-43C69F8D6F20}.Ad-Hoc|iPhone.ActiveCfg = Release|Any CPU
		{ED54E43E-4DF9-4911-9047-43C69F8D6F20}.Ad-Hoc|iPhone.Build.0 = Release|Any CPU
		{ED54E43E-4DF9-4911-9047-43C69F8D6F20}.Ad-Hoc|iPhoneSimulator.ActiveCfg = Release|Any CPU
		{ED54E43E-4DF9-4911-9047-43C69F8D6F20}.Ad-Hoc|iPhoneSimulator.Build.0 = Release|Any CPU
		{ED54E43E-4DF9-4911-9047-43C69F8D6F20}.Ad-Hoc|x64.ActiveCfg = Release|Any CPU
		{ED54E43E-4DF9-4911-9047-43C69F8D6F20}.Ad-Hoc|x64.Build.0 = Release|Any CPU
		{ED54E43E-4DF9-4911-9047-43C69F8D6F20}.Ad-Hoc|x86.ActiveCfg = Release|Any CPU
		{ED54E43E-4DF9-4911-9047-43C69F8D6F20}.Ad-Hoc|x86.Build.0 = Release|Any CPU
		{ED54E43E-4DF9-4911-9047-43C69F8D6F20}.AppStore|Any CPU.ActiveCfg = Release|Any CPU
		{ED54E43E-4DF9-4911-9047-43C69F8D6F20}.AppStore|Any CPU.Build.0 = Release|Any CPU
		{ED54E43E-4DF9-4911-9047-43C69F8D6F20}.AppStore|ARM.ActiveCfg = Release|Any CPU
		{ED54E43E-4DF9-4911-9047-43C69F8D6F20}.AppStore|ARM.Build.0 = Release|Any CPU
		{ED54E43E-4DF9-4911-9047-43C69F8D6F20}.AppStore|iPhone.ActiveCfg = Release|Any CPU
		{ED54E43E-4DF9-4911-9047-43C69F8D6F20}.AppStore|iPhone.Build.0 = Release|Any CPU
		{ED54E43E-4DF9-4911-9047-43C69F8D6F20}.AppStore|iPhoneSimulator.ActiveCfg = Release|Any CPU
		{ED54E43E-4DF9-4911-9047-43C69F8D6F20}.AppStore|iPhoneSimulator.Build.0 = Release|Any CPU
		{ED54E43E-4DF9-4911-9047-43C69F8D6F20}.AppStore|x64.ActiveCfg = Release|Any CPU
		{ED54E43E-4DF9-4911-9047-43C69F8D6F20}.AppStore|x64.Build.0 = Release|Any CPU
		{ED54E43E-4DF9-4911-9047-43C69F8D6F20}.AppStore|x86.ActiveCfg = Release|Any CPU
		{ED54E43E-4DF9-4911-9047-43C69F8D6F20}.AppStore|x86.Build.0 = Release|Any CPU
		{ED54E43E-4DF9-4911-9047-43C69F8D6F20}.Debug|Any CPU.ActiveCfg = Debug|Any CPU
		{ED54E43E-4DF9-4911-9047-43C69F8D6F20}.Debug|Any CPU.Build.0 = Debug|Any CPU
		{ED54E43E-4DF9-4911-9047-43C69F8D6F20}.Debug|ARM.ActiveCfg = Debug|Any CPU
		{ED54E43E-4DF9-4911-9047-43C69F8D6F20}.Debug|ARM.Build.0 = Debug|Any CPU
		{ED54E43E-4DF9-4911-9047-43C69F8D6F20}.Debug|iPhone.ActiveCfg = Debug|Any CPU
		{ED54E43E-4DF9-4911-9047-43C69F8D6F20}.Debug|iPhone.Build.0 = Debug|Any CPU
		{ED54E43E-4DF9-4911-9047-43C69F8D6F20}.Debug|iPhoneSimulator.ActiveCfg = Debug|Any CPU
		{ED54E43E-4DF9-4911-9047-43C69F8D6F20}.Debug|iPhoneSimulator.Build.0 = Debug|Any CPU
		{ED54E43E-4DF9-4911-9047-43C69F8D6F20}.Debug|x64.ActiveCfg = Debug|Any CPU
		{ED54E43E-4DF9-4911-9047-43C69F8D6F20}.Debug|x64.Build.0 = Debug|Any CPU
		{ED54E43E-4DF9-4911-9047-43C69F8D6F20}.Debug|x86.ActiveCfg = Debug|Any CPU
		{ED54E43E-4DF9-4911-9047-43C69F8D6F20}.Debug|x86.Build.0 = Debug|Any CPU
		{ED54E43E-4DF9-4911-9047-43C69F8D6F20}.Release|Any CPU.ActiveCfg = Release|Any CPU
		{ED54E43E-4DF9-4911-9047-43C69F8D6F20}.Release|Any CPU.Build.0 = Release|Any CPU
		{ED54E43E-4DF9-4911-9047-43C69F8D6F20}.Release|ARM.ActiveCfg = Release|Any CPU
		{ED54E43E-4DF9-4911-9047-43C69F8D6F20}.Release|ARM.Build.0 = Release|Any CPU
		{ED54E43E-4DF9-4911-9047-43C69F8D6F20}.Release|iPhone.ActiveCfg = Release|Any CPU
		{ED54E43E-4DF9-4911-9047-43C69F8D6F20}.Release|iPhone.Build.0 = Release|Any CPU
		{ED54E43E-4DF9-4911-9047-43C69F8D6F20}.Release|iPhoneSimulator.ActiveCfg = Release|Any CPU
		{ED54E43E-4DF9-4911-9047-43C69F8D6F20}.Release|iPhoneSimulator.Build.0 = Release|Any CPU
		{ED54E43E-4DF9-4911-9047-43C69F8D6F20}.Release|x64.ActiveCfg = Release|Any CPU
		{ED54E43E-4DF9-4911-9047-43C69F8D6F20}.Release|x64.Build.0 = Release|Any CPU
		{ED54E43E-4DF9-4911-9047-43C69F8D6F20}.Release|x86.ActiveCfg = Release|Any CPU
		{ED54E43E-4DF9-4911-9047-43C69F8D6F20}.Release|x86.Build.0 = Release|Any CPU
		{AB0531C9-1BFC-466A-8D71-DEB51B4112C5}.Ad-Hoc|Any CPU.ActiveCfg = Release|Any CPU
		{AB0531C9-1BFC-466A-8D71-DEB51B4112C5}.Ad-Hoc|Any CPU.Build.0 = Release|Any CPU
		{AB0531C9-1BFC-466A-8D71-DEB51B4112C5}.Ad-Hoc|ARM.ActiveCfg = Release|Any CPU
		{AB0531C9-1BFC-466A-8D71-DEB51B4112C5}.Ad-Hoc|ARM.Build.0 = Release|Any CPU
		{AB0531C9-1BFC-466A-8D71-DEB51B4112C5}.Ad-Hoc|iPhone.ActiveCfg = Release|Any CPU
		{AB0531C9-1BFC-466A-8D71-DEB51B4112C5}.Ad-Hoc|iPhone.Build.0 = Release|Any CPU
		{AB0531C9-1BFC-466A-8D71-DEB51B4112C5}.Ad-Hoc|iPhoneSimulator.ActiveCfg = Release|Any CPU
		{AB0531C9-1BFC-466A-8D71-DEB51B4112C5}.Ad-Hoc|iPhoneSimulator.Build.0 = Release|Any CPU
		{AB0531C9-1BFC-466A-8D71-DEB51B4112C5}.Ad-Hoc|x64.ActiveCfg = Release|Any CPU
		{AB0531C9-1BFC-466A-8D71-DEB51B4112C5}.Ad-Hoc|x64.Build.0 = Release|Any CPU
		{AB0531C9-1BFC-466A-8D71-DEB51B4112C5}.Ad-Hoc|x86.ActiveCfg = Release|Any CPU
		{AB0531C9-1BFC-466A-8D71-DEB51B4112C5}.Ad-Hoc|x86.Build.0 = Release|Any CPU
		{AB0531C9-1BFC-466A-8D71-DEB51B4112C5}.AppStore|Any CPU.ActiveCfg = Release|Any CPU
		{AB0531C9-1BFC-466A-8D71-DEB51B4112C5}.AppStore|Any CPU.Build.0 = Release|Any CPU
		{AB0531C9-1BFC-466A-8D71-DEB51B4112C5}.AppStore|ARM.ActiveCfg = Release|Any CPU
		{AB0531C9-1BFC-466A-8D71-DEB51B4112C5}.AppStore|ARM.Build.0 = Release|Any CPU
		{AB0531C9-1BFC-466A-8D71-DEB51B4112C5}.AppStore|iPhone.ActiveCfg = Release|Any CPU
		{AB0531C9-1BFC-466A-8D71-DEB51B4112C5}.AppStore|iPhone.Build.0 = Release|Any CPU
		{AB0531C9-1BFC-466A-8D71-DEB51B4112C5}.AppStore|iPhoneSimulator.ActiveCfg = Release|Any CPU
		{AB0531C9-1BFC-466A-8D71-DEB51B4112C5}.AppStore|iPhoneSimulator.Build.0 = Release|Any CPU
		{AB0531C9-1BFC-466A-8D71-DEB51B4112C5}.AppStore|x64.ActiveCfg = Release|Any CPU
		{AB0531C9-1BFC-466A-8D71-DEB51B4112C5}.AppStore|x64.Build.0 = Release|Any CPU
		{AB0531C9-1BFC-466A-8D71-DEB51B4112C5}.AppStore|x86.ActiveCfg = Release|Any CPU
		{AB0531C9-1BFC-466A-8D71-DEB51B4112C5}.AppStore|x86.Build.0 = Release|Any CPU
		{AB0531C9-1BFC-466A-8D71-DEB51B4112C5}.Debug|Any CPU.ActiveCfg = Debug|Any CPU
		{AB0531C9-1BFC-466A-8D71-DEB51B4112C5}.Debug|Any CPU.Build.0 = Debug|Any CPU
		{AB0531C9-1BFC-466A-8D71-DEB51B4112C5}.Debug|ARM.ActiveCfg = Debug|Any CPU
		{AB0531C9-1BFC-466A-8D71-DEB51B4112C5}.Debug|ARM.Build.0 = Debug|Any CPU
		{AB0531C9-1BFC-466A-8D71-DEB51B4112C5}.Debug|iPhone.ActiveCfg = Debug|Any CPU
		{AB0531C9-1BFC-466A-8D71-DEB51B4112C5}.Debug|iPhone.Build.0 = Debug|Any CPU
		{AB0531C9-1BFC-466A-8D71-DEB51B4112C5}.Debug|iPhoneSimulator.ActiveCfg = Debug|Any CPU
		{AB0531C9-1BFC-466A-8D71-DEB51B4112C5}.Debug|iPhoneSimulator.Build.0 = Debug|Any CPU
		{AB0531C9-1BFC-466A-8D71-DEB51B4112C5}.Debug|x64.ActiveCfg = Debug|Any CPU
		{AB0531C9-1BFC-466A-8D71-DEB51B4112C5}.Debug|x64.Build.0 = Debug|Any CPU
		{AB0531C9-1BFC-466A-8D71-DEB51B4112C5}.Debug|x86.ActiveCfg = Debug|Any CPU
		{AB0531C9-1BFC-466A-8D71-DEB51B4112C5}.Debug|x86.Build.0 = Debug|Any CPU
		{AB0531C9-1BFC-466A-8D71-DEB51B4112C5}.Release|Any CPU.ActiveCfg = Release|Any CPU
		{AB0531C9-1BFC-466A-8D71-DEB51B4112C5}.Release|Any CPU.Build.0 = Release|Any CPU
		{AB0531C9-1BFC-466A-8D71-DEB51B4112C5}.Release|ARM.ActiveCfg = Release|Any CPU
		{AB0531C9-1BFC-466A-8D71-DEB51B4112C5}.Release|ARM.Build.0 = Release|Any CPU
		{AB0531C9-1BFC-466A-8D71-DEB51B4112C5}.Release|iPhone.ActiveCfg = Release|Any CPU
		{AB0531C9-1BFC-466A-8D71-DEB51B4112C5}.Release|iPhone.Build.0 = Release|Any CPU
		{AB0531C9-1BFC-466A-8D71-DEB51B4112C5}.Release|iPhoneSimulator.ActiveCfg = Release|Any CPU
		{AB0531C9-1BFC-466A-8D71-DEB51B4112C5}.Release|iPhoneSimulator.Build.0 = Release|Any CPU
		{AB0531C9-1BFC-466A-8D71-DEB51B4112C5}.Release|x64.ActiveCfg = Release|Any CPU
		{AB0531C9-1BFC-466A-8D71-DEB51B4112C5}.Release|x64.Build.0 = Release|Any CPU
		{AB0531C9-1BFC-466A-8D71-DEB51B4112C5}.Release|x86.ActiveCfg = Release|Any CPU
		{AB0531C9-1BFC-466A-8D71-DEB51B4112C5}.Release|x86.Build.0 = Release|Any CPU
		{0A6B69B7-4715-482C-8B9D-08910C0F206D}.Ad-Hoc|Any CPU.ActiveCfg = Debug|Any CPU
		{0A6B69B7-4715-482C-8B9D-08910C0F206D}.Ad-Hoc|Any CPU.Build.0 = Debug|Any CPU
		{0A6B69B7-4715-482C-8B9D-08910C0F206D}.Ad-Hoc|ARM.ActiveCfg = Debug|Any CPU
		{0A6B69B7-4715-482C-8B9D-08910C0F206D}.Ad-Hoc|ARM.Build.0 = Debug|Any CPU
		{0A6B69B7-4715-482C-8B9D-08910C0F206D}.Ad-Hoc|iPhone.ActiveCfg = Debug|Any CPU
		{0A6B69B7-4715-482C-8B9D-08910C0F206D}.Ad-Hoc|iPhone.Build.0 = Debug|Any CPU
		{0A6B69B7-4715-482C-8B9D-08910C0F206D}.Ad-Hoc|iPhoneSimulator.ActiveCfg = Debug|Any CPU
		{0A6B69B7-4715-482C-8B9D-08910C0F206D}.Ad-Hoc|iPhoneSimulator.Build.0 = Debug|Any CPU
		{0A6B69B7-4715-482C-8B9D-08910C0F206D}.Ad-Hoc|x64.ActiveCfg = Debug|Any CPU
		{0A6B69B7-4715-482C-8B9D-08910C0F206D}.Ad-Hoc|x64.Build.0 = Debug|Any CPU
		{0A6B69B7-4715-482C-8B9D-08910C0F206D}.Ad-Hoc|x86.ActiveCfg = Debug|Any CPU
		{0A6B69B7-4715-482C-8B9D-08910C0F206D}.Ad-Hoc|x86.Build.0 = Debug|Any CPU
		{0A6B69B7-4715-482C-8B9D-08910C0F206D}.AppStore|Any CPU.ActiveCfg = Debug|Any CPU
		{0A6B69B7-4715-482C-8B9D-08910C0F206D}.AppStore|Any CPU.Build.0 = Debug|Any CPU
		{0A6B69B7-4715-482C-8B9D-08910C0F206D}.AppStore|ARM.ActiveCfg = Debug|Any CPU
		{0A6B69B7-4715-482C-8B9D-08910C0F206D}.AppStore|ARM.Build.0 = Debug|Any CPU
		{0A6B69B7-4715-482C-8B9D-08910C0F206D}.AppStore|iPhone.ActiveCfg = Debug|Any CPU
		{0A6B69B7-4715-482C-8B9D-08910C0F206D}.AppStore|iPhone.Build.0 = Debug|Any CPU
		{0A6B69B7-4715-482C-8B9D-08910C0F206D}.AppStore|iPhoneSimulator.ActiveCfg = Debug|Any CPU
		{0A6B69B7-4715-482C-8B9D-08910C0F206D}.AppStore|iPhoneSimulator.Build.0 = Debug|Any CPU
		{0A6B69B7-4715-482C-8B9D-08910C0F206D}.AppStore|x64.ActiveCfg = Debug|Any CPU
		{0A6B69B7-4715-482C-8B9D-08910C0F206D}.AppStore|x64.Build.0 = Debug|Any CPU
		{0A6B69B7-4715-482C-8B9D-08910C0F206D}.AppStore|x86.ActiveCfg = Debug|Any CPU
		{0A6B69B7-4715-482C-8B9D-08910C0F206D}.AppStore|x86.Build.0 = Debug|Any CPU
		{0A6B69B7-4715-482C-8B9D-08910C0F206D}.Debug|Any CPU.ActiveCfg = Debug|Any CPU
		{0A6B69B7-4715-482C-8B9D-08910C0F206D}.Debug|Any CPU.Build.0 = Debug|Any CPU
		{0A6B69B7-4715-482C-8B9D-08910C0F206D}.Debug|ARM.ActiveCfg = Debug|Any CPU
		{0A6B69B7-4715-482C-8B9D-08910C0F206D}.Debug|ARM.Build.0 = Debug|Any CPU
		{0A6B69B7-4715-482C-8B9D-08910C0F206D}.Debug|iPhone.ActiveCfg = Debug|Any CPU
		{0A6B69B7-4715-482C-8B9D-08910C0F206D}.Debug|iPhone.Build.0 = Debug|Any CPU
		{0A6B69B7-4715-482C-8B9D-08910C0F206D}.Debug|iPhoneSimulator.ActiveCfg = Debug|Any CPU
		{0A6B69B7-4715-482C-8B9D-08910C0F206D}.Debug|iPhoneSimulator.Build.0 = Debug|Any CPU
		{0A6B69B7-4715-482C-8B9D-08910C0F206D}.Debug|x64.ActiveCfg = Debug|Any CPU
		{0A6B69B7-4715-482C-8B9D-08910C0F206D}.Debug|x64.Build.0 = Debug|Any CPU
		{0A6B69B7-4715-482C-8B9D-08910C0F206D}.Debug|x86.ActiveCfg = Debug|Any CPU
		{0A6B69B7-4715-482C-8B9D-08910C0F206D}.Debug|x86.Build.0 = Debug|Any CPU
		{0A6B69B7-4715-482C-8B9D-08910C0F206D}.Release|Any CPU.ActiveCfg = Release|Any CPU
		{0A6B69B7-4715-482C-8B9D-08910C0F206D}.Release|Any CPU.Build.0 = Release|Any CPU
		{0A6B69B7-4715-482C-8B9D-08910C0F206D}.Release|ARM.ActiveCfg = Release|Any CPU
		{0A6B69B7-4715-482C-8B9D-08910C0F206D}.Release|ARM.Build.0 = Release|Any CPU
		{0A6B69B7-4715-482C-8B9D-08910C0F206D}.Release|iPhone.ActiveCfg = Release|Any CPU
		{0A6B69B7-4715-482C-8B9D-08910C0F206D}.Release|iPhone.Build.0 = Release|Any CPU
		{0A6B69B7-4715-482C-8B9D-08910C0F206D}.Release|iPhoneSimulator.ActiveCfg = Release|Any CPU
		{0A6B69B7-4715-482C-8B9D-08910C0F206D}.Release|iPhoneSimulator.Build.0 = Release|Any CPU
		{0A6B69B7-4715-482C-8B9D-08910C0F206D}.Release|x64.ActiveCfg = Release|Any CPU
		{0A6B69B7-4715-482C-8B9D-08910C0F206D}.Release|x64.Build.0 = Release|Any CPU
		{0A6B69B7-4715-482C-8B9D-08910C0F206D}.Release|x86.ActiveCfg = Release|Any CPU
		{0A6B69B7-4715-482C-8B9D-08910C0F206D}.Release|x86.Build.0 = Release|Any CPU
		{4595FF4A-E716-4E66-9150-D9CEFFC00E6D}.Ad-Hoc|Any CPU.ActiveCfg = Debug|Any CPU
		{4595FF4A-E716-4E66-9150-D9CEFFC00E6D}.Ad-Hoc|Any CPU.Build.0 = Debug|Any CPU
		{4595FF4A-E716-4E66-9150-D9CEFFC00E6D}.Ad-Hoc|ARM.ActiveCfg = Debug|Any CPU
		{4595FF4A-E716-4E66-9150-D9CEFFC00E6D}.Ad-Hoc|ARM.Build.0 = Debug|Any CPU
		{4595FF4A-E716-4E66-9150-D9CEFFC00E6D}.Ad-Hoc|iPhone.ActiveCfg = Debug|Any CPU
		{4595FF4A-E716-4E66-9150-D9CEFFC00E6D}.Ad-Hoc|iPhone.Build.0 = Debug|Any CPU
		{4595FF4A-E716-4E66-9150-D9CEFFC00E6D}.Ad-Hoc|iPhoneSimulator.ActiveCfg = Debug|Any CPU
		{4595FF4A-E716-4E66-9150-D9CEFFC00E6D}.Ad-Hoc|iPhoneSimulator.Build.0 = Debug|Any CPU
		{4595FF4A-E716-4E66-9150-D9CEFFC00E6D}.Ad-Hoc|x64.ActiveCfg = Debug|Any CPU
		{4595FF4A-E716-4E66-9150-D9CEFFC00E6D}.Ad-Hoc|x64.Build.0 = Debug|Any CPU
		{4595FF4A-E716-4E66-9150-D9CEFFC00E6D}.Ad-Hoc|x86.ActiveCfg = Debug|Any CPU
		{4595FF4A-E716-4E66-9150-D9CEFFC00E6D}.Ad-Hoc|x86.Build.0 = Debug|Any CPU
		{4595FF4A-E716-4E66-9150-D9CEFFC00E6D}.AppStore|Any CPU.ActiveCfg = Debug|Any CPU
		{4595FF4A-E716-4E66-9150-D9CEFFC00E6D}.AppStore|Any CPU.Build.0 = Debug|Any CPU
		{4595FF4A-E716-4E66-9150-D9CEFFC00E6D}.AppStore|ARM.ActiveCfg = Debug|Any CPU
		{4595FF4A-E716-4E66-9150-D9CEFFC00E6D}.AppStore|ARM.Build.0 = Debug|Any CPU
		{4595FF4A-E716-4E66-9150-D9CEFFC00E6D}.AppStore|iPhone.ActiveCfg = Debug|Any CPU
		{4595FF4A-E716-4E66-9150-D9CEFFC00E6D}.AppStore|iPhone.Build.0 = Debug|Any CPU
		{4595FF4A-E716-4E66-9150-D9CEFFC00E6D}.AppStore|iPhoneSimulator.ActiveCfg = Debug|Any CPU
		{4595FF4A-E716-4E66-9150-D9CEFFC00E6D}.AppStore|iPhoneSimulator.Build.0 = Debug|Any CPU
		{4595FF4A-E716-4E66-9150-D9CEFFC00E6D}.AppStore|x64.ActiveCfg = Debug|Any CPU
		{4595FF4A-E716-4E66-9150-D9CEFFC00E6D}.AppStore|x64.Build.0 = Debug|Any CPU
		{4595FF4A-E716-4E66-9150-D9CEFFC00E6D}.AppStore|x86.ActiveCfg = Debug|Any CPU
		{4595FF4A-E716-4E66-9150-D9CEFFC00E6D}.AppStore|x86.Build.0 = Debug|Any CPU
		{4595FF4A-E716-4E66-9150-D9CEFFC00E6D}.Debug|Any CPU.ActiveCfg = Debug|Any CPU
		{4595FF4A-E716-4E66-9150-D9CEFFC00E6D}.Debug|Any CPU.Build.0 = Debug|Any CPU
		{4595FF4A-E716-4E66-9150-D9CEFFC00E6D}.Debug|ARM.ActiveCfg = Debug|Any CPU
		{4595FF4A-E716-4E66-9150-D9CEFFC00E6D}.Debug|ARM.Build.0 = Debug|Any CPU
		{4595FF4A-E716-4E66-9150-D9CEFFC00E6D}.Debug|iPhone.ActiveCfg = Debug|Any CPU
		{4595FF4A-E716-4E66-9150-D9CEFFC00E6D}.Debug|iPhone.Build.0 = Debug|Any CPU
		{4595FF4A-E716-4E66-9150-D9CEFFC00E6D}.Debug|iPhoneSimulator.ActiveCfg = Debug|Any CPU
		{4595FF4A-E716-4E66-9150-D9CEFFC00E6D}.Debug|iPhoneSimulator.Build.0 = Debug|Any CPU
		{4595FF4A-E716-4E66-9150-D9CEFFC00E6D}.Debug|x64.ActiveCfg = Debug|Any CPU
		{4595FF4A-E716-4E66-9150-D9CEFFC00E6D}.Debug|x64.Build.0 = Debug|Any CPU
		{4595FF4A-E716-4E66-9150-D9CEFFC00E6D}.Debug|x86.ActiveCfg = Debug|Any CPU
		{4595FF4A-E716-4E66-9150-D9CEFFC00E6D}.Debug|x86.Build.0 = Debug|Any CPU
		{4595FF4A-E716-4E66-9150-D9CEFFC00E6D}.Release|Any CPU.ActiveCfg = Release|Any CPU
		{4595FF4A-E716-4E66-9150-D9CEFFC00E6D}.Release|Any CPU.Build.0 = Release|Any CPU
		{4595FF4A-E716-4E66-9150-D9CEFFC00E6D}.Release|ARM.ActiveCfg = Release|Any CPU
		{4595FF4A-E716-4E66-9150-D9CEFFC00E6D}.Release|ARM.Build.0 = Release|Any CPU
		{4595FF4A-E716-4E66-9150-D9CEFFC00E6D}.Release|iPhone.ActiveCfg = Release|Any CPU
		{4595FF4A-E716-4E66-9150-D9CEFFC00E6D}.Release|iPhone.Build.0 = Release|Any CPU
		{4595FF4A-E716-4E66-9150-D9CEFFC00E6D}.Release|iPhoneSimulator.ActiveCfg = Release|Any CPU
		{4595FF4A-E716-4E66-9150-D9CEFFC00E6D}.Release|iPhoneSimulator.Build.0 = Release|Any CPU
		{4595FF4A-E716-4E66-9150-D9CEFFC00E6D}.Release|x64.ActiveCfg = Release|Any CPU
		{4595FF4A-E716-4E66-9150-D9CEFFC00E6D}.Release|x64.Build.0 = Release|Any CPU
		{4595FF4A-E716-4E66-9150-D9CEFFC00E6D}.Release|x86.ActiveCfg = Release|Any CPU
		{4595FF4A-E716-4E66-9150-D9CEFFC00E6D}.Release|x86.Build.0 = Release|Any CPU
		{219570C6-A3A8-4862-A72E-148BCB8DA158}.Ad-Hoc|Any CPU.ActiveCfg = Release|Any CPU
		{219570C6-A3A8-4862-A72E-148BCB8DA158}.Ad-Hoc|Any CPU.Build.0 = Release|Any CPU
		{219570C6-A3A8-4862-A72E-148BCB8DA158}.Ad-Hoc|ARM.ActiveCfg = Release|Any CPU
		{219570C6-A3A8-4862-A72E-148BCB8DA158}.Ad-Hoc|ARM.Build.0 = Release|Any CPU
		{219570C6-A3A8-4862-A72E-148BCB8DA158}.Ad-Hoc|iPhone.ActiveCfg = Release|Any CPU
		{219570C6-A3A8-4862-A72E-148BCB8DA158}.Ad-Hoc|iPhone.Build.0 = Release|Any CPU
		{219570C6-A3A8-4862-A72E-148BCB8DA158}.Ad-Hoc|iPhoneSimulator.ActiveCfg = Release|Any CPU
		{219570C6-A3A8-4862-A72E-148BCB8DA158}.Ad-Hoc|iPhoneSimulator.Build.0 = Release|Any CPU
		{219570C6-A3A8-4862-A72E-148BCB8DA158}.Ad-Hoc|x64.ActiveCfg = Release|Any CPU
		{219570C6-A3A8-4862-A72E-148BCB8DA158}.Ad-Hoc|x64.Build.0 = Release|Any CPU
		{219570C6-A3A8-4862-A72E-148BCB8DA158}.Ad-Hoc|x86.ActiveCfg = Release|Any CPU
		{219570C6-A3A8-4862-A72E-148BCB8DA158}.Ad-Hoc|x86.Build.0 = Release|Any CPU
		{219570C6-A3A8-4862-A72E-148BCB8DA158}.AppStore|Any CPU.ActiveCfg = Release|Any CPU
		{219570C6-A3A8-4862-A72E-148BCB8DA158}.AppStore|Any CPU.Build.0 = Release|Any CPU
		{219570C6-A3A8-4862-A72E-148BCB8DA158}.AppStore|ARM.ActiveCfg = Release|Any CPU
		{219570C6-A3A8-4862-A72E-148BCB8DA158}.AppStore|ARM.Build.0 = Release|Any CPU
		{219570C6-A3A8-4862-A72E-148BCB8DA158}.AppStore|iPhone.ActiveCfg = Release|Any CPU
		{219570C6-A3A8-4862-A72E-148BCB8DA158}.AppStore|iPhone.Build.0 = Release|Any CPU
		{219570C6-A3A8-4862-A72E-148BCB8DA158}.AppStore|iPhoneSimulator.ActiveCfg = Release|Any CPU
		{219570C6-A3A8-4862-A72E-148BCB8DA158}.AppStore|iPhoneSimulator.Build.0 = Release|Any CPU
		{219570C6-A3A8-4862-A72E-148BCB8DA158}.AppStore|x64.ActiveCfg = Release|Any CPU
		{219570C6-A3A8-4862-A72E-148BCB8DA158}.AppStore|x64.Build.0 = Release|Any CPU
		{219570C6-A3A8-4862-A72E-148BCB8DA158}.AppStore|x86.ActiveCfg = Release|Any CPU
		{219570C6-A3A8-4862-A72E-148BCB8DA158}.AppStore|x86.Build.0 = Release|Any CPU
		{219570C6-A3A8-4862-A72E-148BCB8DA158}.Debug|Any CPU.ActiveCfg = Debug|Any CPU
		{219570C6-A3A8-4862-A72E-148BCB8DA158}.Debug|Any CPU.Build.0 = Debug|Any CPU
		{219570C6-A3A8-4862-A72E-148BCB8DA158}.Debug|ARM.ActiveCfg = Debug|Any CPU
		{219570C6-A3A8-4862-A72E-148BCB8DA158}.Debug|ARM.Build.0 = Debug|Any CPU
		{219570C6-A3A8-4862-A72E-148BCB8DA158}.Debug|iPhone.ActiveCfg = Debug|Any CPU
		{219570C6-A3A8-4862-A72E-148BCB8DA158}.Debug|iPhone.Build.0 = Debug|Any CPU
		{219570C6-A3A8-4862-A72E-148BCB8DA158}.Debug|iPhoneSimulator.ActiveCfg = Debug|Any CPU
		{219570C6-A3A8-4862-A72E-148BCB8DA158}.Debug|iPhoneSimulator.Build.0 = Debug|Any CPU
		{219570C6-A3A8-4862-A72E-148BCB8DA158}.Debug|x64.ActiveCfg = Debug|Any CPU
		{219570C6-A3A8-4862-A72E-148BCB8DA158}.Debug|x64.Build.0 = Debug|Any CPU
		{219570C6-A3A8-4862-A72E-148BCB8DA158}.Debug|x86.ActiveCfg = Debug|Any CPU
		{219570C6-A3A8-4862-A72E-148BCB8DA158}.Debug|x86.Build.0 = Debug|Any CPU
		{219570C6-A3A8-4862-A72E-148BCB8DA158}.Release|Any CPU.ActiveCfg = Release|Any CPU
		{219570C6-A3A8-4862-A72E-148BCB8DA158}.Release|Any CPU.Build.0 = Release|Any CPU
		{219570C6-A3A8-4862-A72E-148BCB8DA158}.Release|ARM.ActiveCfg = Release|Any CPU
		{219570C6-A3A8-4862-A72E-148BCB8DA158}.Release|ARM.Build.0 = Release|Any CPU
		{219570C6-A3A8-4862-A72E-148BCB8DA158}.Release|iPhone.ActiveCfg = Release|Any CPU
		{219570C6-A3A8-4862-A72E-148BCB8DA158}.Release|iPhone.Build.0 = Release|Any CPU
		{219570C6-A3A8-4862-A72E-148BCB8DA158}.Release|iPhoneSimulator.ActiveCfg = Release|Any CPU
		{219570C6-A3A8-4862-A72E-148BCB8DA158}.Release|iPhoneSimulator.Build.0 = Release|Any CPU
		{219570C6-A3A8-4862-A72E-148BCB8DA158}.Release|x64.ActiveCfg = Release|Any CPU
		{219570C6-A3A8-4862-A72E-148BCB8DA158}.Release|x64.Build.0 = Release|Any CPU
		{219570C6-A3A8-4862-A72E-148BCB8DA158}.Release|x86.ActiveCfg = Release|Any CPU
		{219570C6-A3A8-4862-A72E-148BCB8DA158}.Release|x86.Build.0 = Release|Any CPU
		{C004CB78-6026-47D0-8EF3-7F6910B29A4F}.Ad-Hoc|Any CPU.ActiveCfg = Debug|Any CPU
		{C004CB78-6026-47D0-8EF3-7F6910B29A4F}.Ad-Hoc|Any CPU.Build.0 = Debug|Any CPU
		{C004CB78-6026-47D0-8EF3-7F6910B29A4F}.Ad-Hoc|ARM.ActiveCfg = Debug|Any CPU
		{C004CB78-6026-47D0-8EF3-7F6910B29A4F}.Ad-Hoc|ARM.Build.0 = Debug|Any CPU
		{C004CB78-6026-47D0-8EF3-7F6910B29A4F}.Ad-Hoc|iPhone.ActiveCfg = Debug|Any CPU
		{C004CB78-6026-47D0-8EF3-7F6910B29A4F}.Ad-Hoc|iPhone.Build.0 = Debug|Any CPU
		{C004CB78-6026-47D0-8EF3-7F6910B29A4F}.Ad-Hoc|iPhoneSimulator.ActiveCfg = Debug|Any CPU
		{C004CB78-6026-47D0-8EF3-7F6910B29A4F}.Ad-Hoc|iPhoneSimulator.Build.0 = Debug|Any CPU
		{C004CB78-6026-47D0-8EF3-7F6910B29A4F}.Ad-Hoc|x64.ActiveCfg = Debug|Any CPU
		{C004CB78-6026-47D0-8EF3-7F6910B29A4F}.Ad-Hoc|x64.Build.0 = Debug|Any CPU
		{C004CB78-6026-47D0-8EF3-7F6910B29A4F}.Ad-Hoc|x86.ActiveCfg = Debug|Any CPU
		{C004CB78-6026-47D0-8EF3-7F6910B29A4F}.Ad-Hoc|x86.Build.0 = Debug|Any CPU
		{C004CB78-6026-47D0-8EF3-7F6910B29A4F}.AppStore|Any CPU.ActiveCfg = Debug|Any CPU
		{C004CB78-6026-47D0-8EF3-7F6910B29A4F}.AppStore|Any CPU.Build.0 = Debug|Any CPU
		{C004CB78-6026-47D0-8EF3-7F6910B29A4F}.AppStore|ARM.ActiveCfg = Debug|Any CPU
		{C004CB78-6026-47D0-8EF3-7F6910B29A4F}.AppStore|ARM.Build.0 = Debug|Any CPU
		{C004CB78-6026-47D0-8EF3-7F6910B29A4F}.AppStore|iPhone.ActiveCfg = Debug|Any CPU
		{C004CB78-6026-47D0-8EF3-7F6910B29A4F}.AppStore|iPhone.Build.0 = Debug|Any CPU
		{C004CB78-6026-47D0-8EF3-7F6910B29A4F}.AppStore|iPhoneSimulator.ActiveCfg = Debug|Any CPU
		{C004CB78-6026-47D0-8EF3-7F6910B29A4F}.AppStore|iPhoneSimulator.Build.0 = Debug|Any CPU
		{C004CB78-6026-47D0-8EF3-7F6910B29A4F}.AppStore|x64.ActiveCfg = Debug|Any CPU
		{C004CB78-6026-47D0-8EF3-7F6910B29A4F}.AppStore|x64.Build.0 = Debug|Any CPU
		{C004CB78-6026-47D0-8EF3-7F6910B29A4F}.AppStore|x86.ActiveCfg = Debug|Any CPU
		{C004CB78-6026-47D0-8EF3-7F6910B29A4F}.AppStore|x86.Build.0 = Debug|Any CPU
		{C004CB78-6026-47D0-8EF3-7F6910B29A4F}.Debug|Any CPU.ActiveCfg = Debug|Any CPU
		{C004CB78-6026-47D0-8EF3-7F6910B29A4F}.Debug|Any CPU.Build.0 = Debug|Any CPU
		{C004CB78-6026-47D0-8EF3-7F6910B29A4F}.Debug|ARM.ActiveCfg = Debug|Any CPU
		{C004CB78-6026-47D0-8EF3-7F6910B29A4F}.Debug|ARM.Build.0 = Debug|Any CPU
		{C004CB78-6026-47D0-8EF3-7F6910B29A4F}.Debug|iPhone.ActiveCfg = Debug|Any CPU
		{C004CB78-6026-47D0-8EF3-7F6910B29A4F}.Debug|iPhone.Build.0 = Debug|Any CPU
		{C004CB78-6026-47D0-8EF3-7F6910B29A4F}.Debug|iPhoneSimulator.ActiveCfg = Debug|Any CPU
		{C004CB78-6026-47D0-8EF3-7F6910B29A4F}.Debug|iPhoneSimulator.Build.0 = Debug|Any CPU
		{C004CB78-6026-47D0-8EF3-7F6910B29A4F}.Debug|x64.ActiveCfg = Debug|Any CPU
		{C004CB78-6026-47D0-8EF3-7F6910B29A4F}.Debug|x64.Build.0 = Debug|Any CPU
		{C004CB78-6026-47D0-8EF3-7F6910B29A4F}.Debug|x86.ActiveCfg = Debug|Any CPU
		{C004CB78-6026-47D0-8EF3-7F6910B29A4F}.Debug|x86.Build.0 = Debug|Any CPU
		{C004CB78-6026-47D0-8EF3-7F6910B29A4F}.Release|Any CPU.ActiveCfg = Release|Any CPU
		{C004CB78-6026-47D0-8EF3-7F6910B29A4F}.Release|Any CPU.Build.0 = Release|Any CPU
		{C004CB78-6026-47D0-8EF3-7F6910B29A4F}.Release|ARM.ActiveCfg = Release|Any CPU
		{C004CB78-6026-47D0-8EF3-7F6910B29A4F}.Release|ARM.Build.0 = Release|Any CPU
		{C004CB78-6026-47D0-8EF3-7F6910B29A4F}.Release|iPhone.ActiveCfg = Release|Any CPU
		{C004CB78-6026-47D0-8EF3-7F6910B29A4F}.Release|iPhone.Build.0 = Release|Any CPU
		{C004CB78-6026-47D0-8EF3-7F6910B29A4F}.Release|iPhoneSimulator.ActiveCfg = Release|Any CPU
		{C004CB78-6026-47D0-8EF3-7F6910B29A4F}.Release|iPhoneSimulator.Build.0 = Release|Any CPU
		{C004CB78-6026-47D0-8EF3-7F6910B29A4F}.Release|x64.ActiveCfg = Release|Any CPU
		{C004CB78-6026-47D0-8EF3-7F6910B29A4F}.Release|x64.Build.0 = Release|Any CPU
		{C004CB78-6026-47D0-8EF3-7F6910B29A4F}.Release|x86.ActiveCfg = Release|Any CPU
		{C004CB78-6026-47D0-8EF3-7F6910B29A4F}.Release|x86.Build.0 = Release|Any CPU
		{7353C119-7869-4020-96B6-32FC1BAEC7DE}.Ad-Hoc|Any CPU.ActiveCfg = Debug|Any CPU
		{7353C119-7869-4020-96B6-32FC1BAEC7DE}.Ad-Hoc|Any CPU.Build.0 = Debug|Any CPU
		{7353C119-7869-4020-96B6-32FC1BAEC7DE}.Ad-Hoc|ARM.ActiveCfg = Debug|Any CPU
		{7353C119-7869-4020-96B6-32FC1BAEC7DE}.Ad-Hoc|ARM.Build.0 = Debug|Any CPU
		{7353C119-7869-4020-96B6-32FC1BAEC7DE}.Ad-Hoc|iPhone.ActiveCfg = Debug|Any CPU
		{7353C119-7869-4020-96B6-32FC1BAEC7DE}.Ad-Hoc|iPhone.Build.0 = Debug|Any CPU
		{7353C119-7869-4020-96B6-32FC1BAEC7DE}.Ad-Hoc|iPhoneSimulator.ActiveCfg = Debug|Any CPU
		{7353C119-7869-4020-96B6-32FC1BAEC7DE}.Ad-Hoc|iPhoneSimulator.Build.0 = Debug|Any CPU
		{7353C119-7869-4020-96B6-32FC1BAEC7DE}.Ad-Hoc|x64.ActiveCfg = Debug|Any CPU
		{7353C119-7869-4020-96B6-32FC1BAEC7DE}.Ad-Hoc|x64.Build.0 = Debug|Any CPU
		{7353C119-7869-4020-96B6-32FC1BAEC7DE}.Ad-Hoc|x86.ActiveCfg = Debug|Any CPU
		{7353C119-7869-4020-96B6-32FC1BAEC7DE}.Ad-Hoc|x86.Build.0 = Debug|Any CPU
		{7353C119-7869-4020-96B6-32FC1BAEC7DE}.AppStore|Any CPU.ActiveCfg = Debug|Any CPU
		{7353C119-7869-4020-96B6-32FC1BAEC7DE}.AppStore|Any CPU.Build.0 = Debug|Any CPU
		{7353C119-7869-4020-96B6-32FC1BAEC7DE}.AppStore|ARM.ActiveCfg = Debug|Any CPU
		{7353C119-7869-4020-96B6-32FC1BAEC7DE}.AppStore|ARM.Build.0 = Debug|Any CPU
		{7353C119-7869-4020-96B6-32FC1BAEC7DE}.AppStore|iPhone.ActiveCfg = Debug|Any CPU
		{7353C119-7869-4020-96B6-32FC1BAEC7DE}.AppStore|iPhone.Build.0 = Debug|Any CPU
		{7353C119-7869-4020-96B6-32FC1BAEC7DE}.AppStore|iPhoneSimulator.ActiveCfg = Debug|Any CPU
		{7353C119-7869-4020-96B6-32FC1BAEC7DE}.AppStore|iPhoneSimulator.Build.0 = Debug|Any CPU
		{7353C119-7869-4020-96B6-32FC1BAEC7DE}.AppStore|x64.ActiveCfg = Debug|Any CPU
		{7353C119-7869-4020-96B6-32FC1BAEC7DE}.AppStore|x64.Build.0 = Debug|Any CPU
		{7353C119-7869-4020-96B6-32FC1BAEC7DE}.AppStore|x86.ActiveCfg = Debug|Any CPU
		{7353C119-7869-4020-96B6-32FC1BAEC7DE}.AppStore|x86.Build.0 = Debug|Any CPU
		{7353C119-7869-4020-96B6-32FC1BAEC7DE}.Debug|Any CPU.ActiveCfg = Debug|Any CPU
		{7353C119-7869-4020-96B6-32FC1BAEC7DE}.Debug|Any CPU.Build.0 = Debug|Any CPU
		{7353C119-7869-4020-96B6-32FC1BAEC7DE}.Debug|ARM.ActiveCfg = Debug|Any CPU
		{7353C119-7869-4020-96B6-32FC1BAEC7DE}.Debug|ARM.Build.0 = Debug|Any CPU
		{7353C119-7869-4020-96B6-32FC1BAEC7DE}.Debug|iPhone.ActiveCfg = Debug|Any CPU
		{7353C119-7869-4020-96B6-32FC1BAEC7DE}.Debug|iPhone.Build.0 = Debug|Any CPU
		{7353C119-7869-4020-96B6-32FC1BAEC7DE}.Debug|iPhoneSimulator.ActiveCfg = Debug|Any CPU
		{7353C119-7869-4020-96B6-32FC1BAEC7DE}.Debug|iPhoneSimulator.Build.0 = Debug|Any CPU
		{7353C119-7869-4020-96B6-32FC1BAEC7DE}.Debug|x64.ActiveCfg = Debug|Any CPU
		{7353C119-7869-4020-96B6-32FC1BAEC7DE}.Debug|x64.Build.0 = Debug|Any CPU
		{7353C119-7869-4020-96B6-32FC1BAEC7DE}.Debug|x86.ActiveCfg = Debug|Any CPU
		{7353C119-7869-4020-96B6-32FC1BAEC7DE}.Debug|x86.Build.0 = Debug|Any CPU
		{7353C119-7869-4020-96B6-32FC1BAEC7DE}.Release|Any CPU.ActiveCfg = Release|Any CPU
		{7353C119-7869-4020-96B6-32FC1BAEC7DE}.Release|Any CPU.Build.0 = Release|Any CPU
		{7353C119-7869-4020-96B6-32FC1BAEC7DE}.Release|ARM.ActiveCfg = Release|Any CPU
		{7353C119-7869-4020-96B6-32FC1BAEC7DE}.Release|ARM.Build.0 = Release|Any CPU
		{7353C119-7869-4020-96B6-32FC1BAEC7DE}.Release|iPhone.ActiveCfg = Release|Any CPU
		{7353C119-7869-4020-96B6-32FC1BAEC7DE}.Release|iPhone.Build.0 = Release|Any CPU
		{7353C119-7869-4020-96B6-32FC1BAEC7DE}.Release|iPhoneSimulator.ActiveCfg = Release|Any CPU
		{7353C119-7869-4020-96B6-32FC1BAEC7DE}.Release|iPhoneSimulator.Build.0 = Release|Any CPU
		{7353C119-7869-4020-96B6-32FC1BAEC7DE}.Release|x64.ActiveCfg = Release|Any CPU
		{7353C119-7869-4020-96B6-32FC1BAEC7DE}.Release|x64.Build.0 = Release|Any CPU
		{7353C119-7869-4020-96B6-32FC1BAEC7DE}.Release|x86.ActiveCfg = Release|Any CPU
		{7353C119-7869-4020-96B6-32FC1BAEC7DE}.Release|x86.Build.0 = Release|Any CPU
		{943991D7-394A-4A25-9B70-394B05C75F6B}.Ad-Hoc|Any CPU.ActiveCfg = Release|iPhone
		{943991D7-394A-4A25-9B70-394B05C75F6B}.Ad-Hoc|Any CPU.Build.0 = Release|iPhone
		{943991D7-394A-4A25-9B70-394B05C75F6B}.Ad-Hoc|ARM.ActiveCfg = Release|iPhone
		{943991D7-394A-4A25-9B70-394B05C75F6B}.Ad-Hoc|ARM.Build.0 = Release|iPhone
		{943991D7-394A-4A25-9B70-394B05C75F6B}.Ad-Hoc|iPhone.ActiveCfg = Release|iPhone
		{943991D7-394A-4A25-9B70-394B05C75F6B}.Ad-Hoc|iPhone.Build.0 = Release|iPhone
		{943991D7-394A-4A25-9B70-394B05C75F6B}.Ad-Hoc|iPhoneSimulator.ActiveCfg = Release|iPhoneSimulator
		{943991D7-394A-4A25-9B70-394B05C75F6B}.Ad-Hoc|iPhoneSimulator.Build.0 = Release|iPhoneSimulator
		{943991D7-394A-4A25-9B70-394B05C75F6B}.Ad-Hoc|x64.ActiveCfg = Release|iPhone
		{943991D7-394A-4A25-9B70-394B05C75F6B}.Ad-Hoc|x64.Build.0 = Release|iPhone
		{943991D7-394A-4A25-9B70-394B05C75F6B}.Ad-Hoc|x86.ActiveCfg = Release|iPhone
		{943991D7-394A-4A25-9B70-394B05C75F6B}.Ad-Hoc|x86.Build.0 = Release|iPhone
		{943991D7-394A-4A25-9B70-394B05C75F6B}.AppStore|Any CPU.ActiveCfg = Release|iPhone
		{943991D7-394A-4A25-9B70-394B05C75F6B}.AppStore|Any CPU.Build.0 = Release|iPhone
		{943991D7-394A-4A25-9B70-394B05C75F6B}.AppStore|ARM.ActiveCfg = Release|iPhone
		{943991D7-394A-4A25-9B70-394B05C75F6B}.AppStore|ARM.Build.0 = Release|iPhone
		{943991D7-394A-4A25-9B70-394B05C75F6B}.AppStore|iPhone.ActiveCfg = Release|iPhone
		{943991D7-394A-4A25-9B70-394B05C75F6B}.AppStore|iPhone.Build.0 = Release|iPhone
		{943991D7-394A-4A25-9B70-394B05C75F6B}.AppStore|iPhoneSimulator.ActiveCfg = Release|iPhoneSimulator
		{943991D7-394A-4A25-9B70-394B05C75F6B}.AppStore|iPhoneSimulator.Build.0 = Release|iPhoneSimulator
		{943991D7-394A-4A25-9B70-394B05C75F6B}.AppStore|x64.ActiveCfg = Release|iPhone
		{943991D7-394A-4A25-9B70-394B05C75F6B}.AppStore|x64.Build.0 = Release|iPhone
		{943991D7-394A-4A25-9B70-394B05C75F6B}.AppStore|x86.ActiveCfg = Release|iPhone
		{943991D7-394A-4A25-9B70-394B05C75F6B}.AppStore|x86.Build.0 = Release|iPhone
		{943991D7-394A-4A25-9B70-394B05C75F6B}.Debug|Any CPU.ActiveCfg = Debug|iPhone
		{943991D7-394A-4A25-9B70-394B05C75F6B}.Debug|ARM.ActiveCfg = Debug|iPhone
		{943991D7-394A-4A25-9B70-394B05C75F6B}.Debug|iPhone.ActiveCfg = Debug|iPhone
		{943991D7-394A-4A25-9B70-394B05C75F6B}.Debug|iPhone.Build.0 = Debug|iPhone
		{943991D7-394A-4A25-9B70-394B05C75F6B}.Debug|iPhoneSimulator.ActiveCfg = Debug|iPhoneSimulator
		{943991D7-394A-4A25-9B70-394B05C75F6B}.Debug|iPhoneSimulator.Build.0 = Debug|iPhoneSimulator
		{943991D7-394A-4A25-9B70-394B05C75F6B}.Debug|x64.ActiveCfg = Debug|iPhone
		{943991D7-394A-4A25-9B70-394B05C75F6B}.Debug|x86.ActiveCfg = Debug|iPhone
		{943991D7-394A-4A25-9B70-394B05C75F6B}.Release|Any CPU.ActiveCfg = Release|iPhone
		{943991D7-394A-4A25-9B70-394B05C75F6B}.Release|ARM.ActiveCfg = Release|iPhone
		{943991D7-394A-4A25-9B70-394B05C75F6B}.Release|iPhone.ActiveCfg = Release|iPhone
		{943991D7-394A-4A25-9B70-394B05C75F6B}.Release|iPhone.Build.0 = Release|iPhone
		{943991D7-394A-4A25-9B70-394B05C75F6B}.Release|iPhoneSimulator.ActiveCfg = Release|iPhoneSimulator
		{943991D7-394A-4A25-9B70-394B05C75F6B}.Release|iPhoneSimulator.Build.0 = Release|iPhoneSimulator
		{943991D7-394A-4A25-9B70-394B05C75F6B}.Release|x64.ActiveCfg = Release|iPhone
		{943991D7-394A-4A25-9B70-394B05C75F6B}.Release|x86.ActiveCfg = Release|iPhone
		{0016462F-6C03-4E82-881D-1912A6D485CE}.Ad-Hoc|Any CPU.ActiveCfg = Release|Any CPU
		{0016462F-6C03-4E82-881D-1912A6D485CE}.Ad-Hoc|Any CPU.Build.0 = Release|Any CPU
		{0016462F-6C03-4E82-881D-1912A6D485CE}.Ad-Hoc|Any CPU.Deploy.0 = Release|Any CPU
		{0016462F-6C03-4E82-881D-1912A6D485CE}.Ad-Hoc|ARM.ActiveCfg = Release|Any CPU
		{0016462F-6C03-4E82-881D-1912A6D485CE}.Ad-Hoc|ARM.Build.0 = Release|Any CPU
		{0016462F-6C03-4E82-881D-1912A6D485CE}.Ad-Hoc|ARM.Deploy.0 = Release|Any CPU
		{0016462F-6C03-4E82-881D-1912A6D485CE}.Ad-Hoc|iPhone.ActiveCfg = Release|Any CPU
		{0016462F-6C03-4E82-881D-1912A6D485CE}.Ad-Hoc|iPhone.Build.0 = Release|Any CPU
		{0016462F-6C03-4E82-881D-1912A6D485CE}.Ad-Hoc|iPhone.Deploy.0 = Release|Any CPU
		{0016462F-6C03-4E82-881D-1912A6D485CE}.Ad-Hoc|iPhoneSimulator.ActiveCfg = Release|Any CPU
		{0016462F-6C03-4E82-881D-1912A6D485CE}.Ad-Hoc|iPhoneSimulator.Build.0 = Release|Any CPU
		{0016462F-6C03-4E82-881D-1912A6D485CE}.Ad-Hoc|iPhoneSimulator.Deploy.0 = Release|Any CPU
		{0016462F-6C03-4E82-881D-1912A6D485CE}.Ad-Hoc|x64.ActiveCfg = Release|Any CPU
		{0016462F-6C03-4E82-881D-1912A6D485CE}.Ad-Hoc|x64.Build.0 = Release|Any CPU
		{0016462F-6C03-4E82-881D-1912A6D485CE}.Ad-Hoc|x64.Deploy.0 = Release|Any CPU
		{0016462F-6C03-4E82-881D-1912A6D485CE}.Ad-Hoc|x86.ActiveCfg = Release|Any CPU
		{0016462F-6C03-4E82-881D-1912A6D485CE}.Ad-Hoc|x86.Build.0 = Release|Any CPU
		{0016462F-6C03-4E82-881D-1912A6D485CE}.Ad-Hoc|x86.Deploy.0 = Release|Any CPU
		{0016462F-6C03-4E82-881D-1912A6D485CE}.AppStore|Any CPU.ActiveCfg = Release|Any CPU
		{0016462F-6C03-4E82-881D-1912A6D485CE}.AppStore|Any CPU.Build.0 = Release|Any CPU
		{0016462F-6C03-4E82-881D-1912A6D485CE}.AppStore|Any CPU.Deploy.0 = Release|Any CPU
		{0016462F-6C03-4E82-881D-1912A6D485CE}.AppStore|ARM.ActiveCfg = Release|Any CPU
		{0016462F-6C03-4E82-881D-1912A6D485CE}.AppStore|ARM.Build.0 = Release|Any CPU
		{0016462F-6C03-4E82-881D-1912A6D485CE}.AppStore|ARM.Deploy.0 = Release|Any CPU
		{0016462F-6C03-4E82-881D-1912A6D485CE}.AppStore|iPhone.ActiveCfg = Release|Any CPU
		{0016462F-6C03-4E82-881D-1912A6D485CE}.AppStore|iPhone.Build.0 = Release|Any CPU
		{0016462F-6C03-4E82-881D-1912A6D485CE}.AppStore|iPhone.Deploy.0 = Release|Any CPU
		{0016462F-6C03-4E82-881D-1912A6D485CE}.AppStore|iPhoneSimulator.ActiveCfg = Release|Any CPU
		{0016462F-6C03-4E82-881D-1912A6D485CE}.AppStore|iPhoneSimulator.Build.0 = Release|Any CPU
		{0016462F-6C03-4E82-881D-1912A6D485CE}.AppStore|iPhoneSimulator.Deploy.0 = Release|Any CPU
		{0016462F-6C03-4E82-881D-1912A6D485CE}.AppStore|x64.ActiveCfg = Release|Any CPU
		{0016462F-6C03-4E82-881D-1912A6D485CE}.AppStore|x64.Build.0 = Release|Any CPU
		{0016462F-6C03-4E82-881D-1912A6D485CE}.AppStore|x64.Deploy.0 = Release|Any CPU
		{0016462F-6C03-4E82-881D-1912A6D485CE}.AppStore|x86.ActiveCfg = Release|Any CPU
		{0016462F-6C03-4E82-881D-1912A6D485CE}.AppStore|x86.Build.0 = Release|Any CPU
		{0016462F-6C03-4E82-881D-1912A6D485CE}.AppStore|x86.Deploy.0 = Release|Any CPU
		{0016462F-6C03-4E82-881D-1912A6D485CE}.Debug|Any CPU.ActiveCfg = Debug|Any CPU
		{0016462F-6C03-4E82-881D-1912A6D485CE}.Debug|Any CPU.Build.0 = Debug|Any CPU
		{0016462F-6C03-4E82-881D-1912A6D485CE}.Debug|Any CPU.Deploy.0 = Debug|Any CPU
		{0016462F-6C03-4E82-881D-1912A6D485CE}.Debug|ARM.ActiveCfg = Debug|Any CPU
		{0016462F-6C03-4E82-881D-1912A6D485CE}.Debug|ARM.Build.0 = Debug|Any CPU
		{0016462F-6C03-4E82-881D-1912A6D485CE}.Debug|ARM.Deploy.0 = Debug|Any CPU
		{0016462F-6C03-4E82-881D-1912A6D485CE}.Debug|iPhone.ActiveCfg = Debug|Any CPU
		{0016462F-6C03-4E82-881D-1912A6D485CE}.Debug|iPhone.Build.0 = Debug|Any CPU
		{0016462F-6C03-4E82-881D-1912A6D485CE}.Debug|iPhone.Deploy.0 = Debug|Any CPU
		{0016462F-6C03-4E82-881D-1912A6D485CE}.Debug|iPhoneSimulator.ActiveCfg = Debug|Any CPU
		{0016462F-6C03-4E82-881D-1912A6D485CE}.Debug|iPhoneSimulator.Build.0 = Debug|Any CPU
		{0016462F-6C03-4E82-881D-1912A6D485CE}.Debug|iPhoneSimulator.Deploy.0 = Debug|Any CPU
		{0016462F-6C03-4E82-881D-1912A6D485CE}.Debug|x64.ActiveCfg = Debug|Any CPU
		{0016462F-6C03-4E82-881D-1912A6D485CE}.Debug|x64.Build.0 = Debug|Any CPU
		{0016462F-6C03-4E82-881D-1912A6D485CE}.Debug|x64.Deploy.0 = Debug|Any CPU
		{0016462F-6C03-4E82-881D-1912A6D485CE}.Debug|x86.ActiveCfg = Debug|Any CPU
		{0016462F-6C03-4E82-881D-1912A6D485CE}.Debug|x86.Build.0 = Debug|Any CPU
		{0016462F-6C03-4E82-881D-1912A6D485CE}.Debug|x86.Deploy.0 = Debug|Any CPU
		{0016462F-6C03-4E82-881D-1912A6D485CE}.Release|Any CPU.ActiveCfg = Release|Any CPU
		{0016462F-6C03-4E82-881D-1912A6D485CE}.Release|Any CPU.Build.0 = Release|Any CPU
		{0016462F-6C03-4E82-881D-1912A6D485CE}.Release|Any CPU.Deploy.0 = Release|Any CPU
		{0016462F-6C03-4E82-881D-1912A6D485CE}.Release|ARM.ActiveCfg = Release|Any CPU
		{0016462F-6C03-4E82-881D-1912A6D485CE}.Release|ARM.Build.0 = Release|Any CPU
		{0016462F-6C03-4E82-881D-1912A6D485CE}.Release|ARM.Deploy.0 = Release|Any CPU
		{0016462F-6C03-4E82-881D-1912A6D485CE}.Release|iPhone.ActiveCfg = Release|Any CPU
		{0016462F-6C03-4E82-881D-1912A6D485CE}.Release|iPhone.Build.0 = Release|Any CPU
		{0016462F-6C03-4E82-881D-1912A6D485CE}.Release|iPhone.Deploy.0 = Release|Any CPU
		{0016462F-6C03-4E82-881D-1912A6D485CE}.Release|iPhoneSimulator.ActiveCfg = Release|Any CPU
		{0016462F-6C03-4E82-881D-1912A6D485CE}.Release|iPhoneSimulator.Build.0 = Release|Any CPU
		{0016462F-6C03-4E82-881D-1912A6D485CE}.Release|iPhoneSimulator.Deploy.0 = Release|Any CPU
		{0016462F-6C03-4E82-881D-1912A6D485CE}.Release|x64.ActiveCfg = Release|Any CPU
		{0016462F-6C03-4E82-881D-1912A6D485CE}.Release|x64.Build.0 = Release|Any CPU
		{0016462F-6C03-4E82-881D-1912A6D485CE}.Release|x64.Deploy.0 = Release|Any CPU
		{0016462F-6C03-4E82-881D-1912A6D485CE}.Release|x86.ActiveCfg = Release|Any CPU
		{0016462F-6C03-4E82-881D-1912A6D485CE}.Release|x86.Build.0 = Release|Any CPU
		{0016462F-6C03-4E82-881D-1912A6D485CE}.Release|x86.Deploy.0 = Release|Any CPU
		{C6BFED93-759C-4D3F-856B-F36CB49ED4FE}.Ad-Hoc|Any CPU.ActiveCfg = Debug|Any CPU
		{C6BFED93-759C-4D3F-856B-F36CB49ED4FE}.Ad-Hoc|Any CPU.Build.0 = Debug|Any CPU
		{C6BFED93-759C-4D3F-856B-F36CB49ED4FE}.Ad-Hoc|ARM.ActiveCfg = Debug|Any CPU
		{C6BFED93-759C-4D3F-856B-F36CB49ED4FE}.Ad-Hoc|ARM.Build.0 = Debug|Any CPU
		{C6BFED93-759C-4D3F-856B-F36CB49ED4FE}.Ad-Hoc|iPhone.ActiveCfg = Debug|Any CPU
		{C6BFED93-759C-4D3F-856B-F36CB49ED4FE}.Ad-Hoc|iPhone.Build.0 = Debug|Any CPU
		{C6BFED93-759C-4D3F-856B-F36CB49ED4FE}.Ad-Hoc|iPhoneSimulator.ActiveCfg = Debug|Any CPU
		{C6BFED93-759C-4D3F-856B-F36CB49ED4FE}.Ad-Hoc|iPhoneSimulator.Build.0 = Debug|Any CPU
		{C6BFED93-759C-4D3F-856B-F36CB49ED4FE}.Ad-Hoc|x64.ActiveCfg = Debug|Any CPU
		{C6BFED93-759C-4D3F-856B-F36CB49ED4FE}.Ad-Hoc|x64.Build.0 = Debug|Any CPU
		{C6BFED93-759C-4D3F-856B-F36CB49ED4FE}.Ad-Hoc|x86.ActiveCfg = Debug|Any CPU
		{C6BFED93-759C-4D3F-856B-F36CB49ED4FE}.Ad-Hoc|x86.Build.0 = Debug|Any CPU
		{C6BFED93-759C-4D3F-856B-F36CB49ED4FE}.AppStore|Any CPU.ActiveCfg = Debug|Any CPU
		{C6BFED93-759C-4D3F-856B-F36CB49ED4FE}.AppStore|Any CPU.Build.0 = Debug|Any CPU
		{C6BFED93-759C-4D3F-856B-F36CB49ED4FE}.AppStore|ARM.ActiveCfg = Debug|Any CPU
		{C6BFED93-759C-4D3F-856B-F36CB49ED4FE}.AppStore|ARM.Build.0 = Debug|Any CPU
		{C6BFED93-759C-4D3F-856B-F36CB49ED4FE}.AppStore|iPhone.ActiveCfg = Debug|Any CPU
		{C6BFED93-759C-4D3F-856B-F36CB49ED4FE}.AppStore|iPhone.Build.0 = Debug|Any CPU
		{C6BFED93-759C-4D3F-856B-F36CB49ED4FE}.AppStore|iPhoneSimulator.ActiveCfg = Debug|Any CPU
		{C6BFED93-759C-4D3F-856B-F36CB49ED4FE}.AppStore|iPhoneSimulator.Build.0 = Debug|Any CPU
		{C6BFED93-759C-4D3F-856B-F36CB49ED4FE}.AppStore|x64.ActiveCfg = Debug|Any CPU
		{C6BFED93-759C-4D3F-856B-F36CB49ED4FE}.AppStore|x64.Build.0 = Debug|Any CPU
		{C6BFED93-759C-4D3F-856B-F36CB49ED4FE}.AppStore|x86.ActiveCfg = Debug|Any CPU
		{C6BFED93-759C-4D3F-856B-F36CB49ED4FE}.AppStore|x86.Build.0 = Debug|Any CPU
		{C6BFED93-759C-4D3F-856B-F36CB49ED4FE}.Debug|Any CPU.ActiveCfg = Debug|Any CPU
		{C6BFED93-759C-4D3F-856B-F36CB49ED4FE}.Debug|Any CPU.Build.0 = Debug|Any CPU
		{C6BFED93-759C-4D3F-856B-F36CB49ED4FE}.Debug|ARM.ActiveCfg = Debug|Any CPU
		{C6BFED93-759C-4D3F-856B-F36CB49ED4FE}.Debug|ARM.Build.0 = Debug|Any CPU
		{C6BFED93-759C-4D3F-856B-F36CB49ED4FE}.Debug|iPhone.ActiveCfg = Debug|Any CPU
		{C6BFED93-759C-4D3F-856B-F36CB49ED4FE}.Debug|iPhone.Build.0 = Debug|Any CPU
		{C6BFED93-759C-4D3F-856B-F36CB49ED4FE}.Debug|iPhoneSimulator.ActiveCfg = Debug|Any CPU
		{C6BFED93-759C-4D3F-856B-F36CB49ED4FE}.Debug|iPhoneSimulator.Build.0 = Debug|Any CPU
		{C6BFED93-759C-4D3F-856B-F36CB49ED4FE}.Debug|x64.ActiveCfg = Debug|Any CPU
		{C6BFED93-759C-4D3F-856B-F36CB49ED4FE}.Debug|x64.Build.0 = Debug|Any CPU
		{C6BFED93-759C-4D3F-856B-F36CB49ED4FE}.Debug|x86.ActiveCfg = Debug|Any CPU
		{C6BFED93-759C-4D3F-856B-F36CB49ED4FE}.Debug|x86.Build.0 = Debug|Any CPU
		{C6BFED93-759C-4D3F-856B-F36CB49ED4FE}.Release|Any CPU.ActiveCfg = Release|Any CPU
		{C6BFED93-759C-4D3F-856B-F36CB49ED4FE}.Release|Any CPU.Build.0 = Release|Any CPU
		{C6BFED93-759C-4D3F-856B-F36CB49ED4FE}.Release|ARM.ActiveCfg = Release|Any CPU
		{C6BFED93-759C-4D3F-856B-F36CB49ED4FE}.Release|ARM.Build.0 = Release|Any CPU
		{C6BFED93-759C-4D3F-856B-F36CB49ED4FE}.Release|iPhone.ActiveCfg = Release|Any CPU
		{C6BFED93-759C-4D3F-856B-F36CB49ED4FE}.Release|iPhone.Build.0 = Release|Any CPU
		{C6BFED93-759C-4D3F-856B-F36CB49ED4FE}.Release|iPhoneSimulator.ActiveCfg = Release|Any CPU
		{C6BFED93-759C-4D3F-856B-F36CB49ED4FE}.Release|iPhoneSimulator.Build.0 = Release|Any CPU
		{C6BFED93-759C-4D3F-856B-F36CB49ED4FE}.Release|x64.ActiveCfg = Release|Any CPU
		{C6BFED93-759C-4D3F-856B-F36CB49ED4FE}.Release|x64.Build.0 = Release|Any CPU
		{C6BFED93-759C-4D3F-856B-F36CB49ED4FE}.Release|x86.ActiveCfg = Release|Any CPU
		{C6BFED93-759C-4D3F-856B-F36CB49ED4FE}.Release|x86.Build.0 = Release|Any CPU
		{3B90DADB-95D4-4C9B-AD16-70AD65E8E3FB}.Ad-Hoc|Any CPU.ActiveCfg = Debug|Any CPU
		{3B90DADB-95D4-4C9B-AD16-70AD65E8E3FB}.Ad-Hoc|Any CPU.Build.0 = Debug|Any CPU
		{3B90DADB-95D4-4C9B-AD16-70AD65E8E3FB}.Ad-Hoc|ARM.ActiveCfg = Debug|Any CPU
		{3B90DADB-95D4-4C9B-AD16-70AD65E8E3FB}.Ad-Hoc|ARM.Build.0 = Debug|Any CPU
		{3B90DADB-95D4-4C9B-AD16-70AD65E8E3FB}.Ad-Hoc|iPhone.ActiveCfg = Debug|Any CPU
		{3B90DADB-95D4-4C9B-AD16-70AD65E8E3FB}.Ad-Hoc|iPhone.Build.0 = Debug|Any CPU
		{3B90DADB-95D4-4C9B-AD16-70AD65E8E3FB}.Ad-Hoc|iPhoneSimulator.ActiveCfg = Debug|Any CPU
		{3B90DADB-95D4-4C9B-AD16-70AD65E8E3FB}.Ad-Hoc|iPhoneSimulator.Build.0 = Debug|Any CPU
		{3B90DADB-95D4-4C9B-AD16-70AD65E8E3FB}.Ad-Hoc|x64.ActiveCfg = Debug|Any CPU
		{3B90DADB-95D4-4C9B-AD16-70AD65E8E3FB}.Ad-Hoc|x64.Build.0 = Debug|Any CPU
		{3B90DADB-95D4-4C9B-AD16-70AD65E8E3FB}.Ad-Hoc|x86.ActiveCfg = Debug|Any CPU
		{3B90DADB-95D4-4C9B-AD16-70AD65E8E3FB}.Ad-Hoc|x86.Build.0 = Debug|Any CPU
		{3B90DADB-95D4-4C9B-AD16-70AD65E8E3FB}.AppStore|Any CPU.ActiveCfg = Debug|Any CPU
		{3B90DADB-95D4-4C9B-AD16-70AD65E8E3FB}.AppStore|Any CPU.Build.0 = Debug|Any CPU
		{3B90DADB-95D4-4C9B-AD16-70AD65E8E3FB}.AppStore|ARM.ActiveCfg = Debug|Any CPU
		{3B90DADB-95D4-4C9B-AD16-70AD65E8E3FB}.AppStore|ARM.Build.0 = Debug|Any CPU
		{3B90DADB-95D4-4C9B-AD16-70AD65E8E3FB}.AppStore|iPhone.ActiveCfg = Debug|Any CPU
		{3B90DADB-95D4-4C9B-AD16-70AD65E8E3FB}.AppStore|iPhone.Build.0 = Debug|Any CPU
		{3B90DADB-95D4-4C9B-AD16-70AD65E8E3FB}.AppStore|iPhoneSimulator.ActiveCfg = Debug|Any CPU
		{3B90DADB-95D4-4C9B-AD16-70AD65E8E3FB}.AppStore|iPhoneSimulator.Build.0 = Debug|Any CPU
		{3B90DADB-95D4-4C9B-AD16-70AD65E8E3FB}.AppStore|x64.ActiveCfg = Debug|Any CPU
		{3B90DADB-95D4-4C9B-AD16-70AD65E8E3FB}.AppStore|x64.Build.0 = Debug|Any CPU
		{3B90DADB-95D4-4C9B-AD16-70AD65E8E3FB}.AppStore|x86.ActiveCfg = Debug|Any CPU
		{3B90DADB-95D4-4C9B-AD16-70AD65E8E3FB}.AppStore|x86.Build.0 = Debug|Any CPU
		{3B90DADB-95D4-4C9B-AD16-70AD65E8E3FB}.Debug|Any CPU.ActiveCfg = Debug|Any CPU
		{3B90DADB-95D4-4C9B-AD16-70AD65E8E3FB}.Debug|Any CPU.Build.0 = Debug|Any CPU
		{3B90DADB-95D4-4C9B-AD16-70AD65E8E3FB}.Debug|ARM.ActiveCfg = Debug|Any CPU
		{3B90DADB-95D4-4C9B-AD16-70AD65E8E3FB}.Debug|ARM.Build.0 = Debug|Any CPU
		{3B90DADB-95D4-4C9B-AD16-70AD65E8E3FB}.Debug|iPhone.ActiveCfg = Debug|Any CPU
		{3B90DADB-95D4-4C9B-AD16-70AD65E8E3FB}.Debug|iPhone.Build.0 = Debug|Any CPU
		{3B90DADB-95D4-4C9B-AD16-70AD65E8E3FB}.Debug|iPhoneSimulator.ActiveCfg = Debug|Any CPU
		{3B90DADB-95D4-4C9B-AD16-70AD65E8E3FB}.Debug|iPhoneSimulator.Build.0 = Debug|Any CPU
		{3B90DADB-95D4-4C9B-AD16-70AD65E8E3FB}.Debug|x64.ActiveCfg = Debug|Any CPU
		{3B90DADB-95D4-4C9B-AD16-70AD65E8E3FB}.Debug|x64.Build.0 = Debug|Any CPU
		{3B90DADB-95D4-4C9B-AD16-70AD65E8E3FB}.Debug|x86.ActiveCfg = Debug|Any CPU
		{3B90DADB-95D4-4C9B-AD16-70AD65E8E3FB}.Debug|x86.Build.0 = Debug|Any CPU
		{3B90DADB-95D4-4C9B-AD16-70AD65E8E3FB}.Release|Any CPU.ActiveCfg = Release|Any CPU
		{3B90DADB-95D4-4C9B-AD16-70AD65E8E3FB}.Release|Any CPU.Build.0 = Release|Any CPU
		{3B90DADB-95D4-4C9B-AD16-70AD65E8E3FB}.Release|ARM.ActiveCfg = Release|Any CPU
		{3B90DADB-95D4-4C9B-AD16-70AD65E8E3FB}.Release|ARM.Build.0 = Release|Any CPU
		{3B90DADB-95D4-4C9B-AD16-70AD65E8E3FB}.Release|iPhone.ActiveCfg = Release|Any CPU
		{3B90DADB-95D4-4C9B-AD16-70AD65E8E3FB}.Release|iPhone.Build.0 = Release|Any CPU
		{3B90DADB-95D4-4C9B-AD16-70AD65E8E3FB}.Release|iPhoneSimulator.ActiveCfg = Release|Any CPU
		{3B90DADB-95D4-4C9B-AD16-70AD65E8E3FB}.Release|iPhoneSimulator.Build.0 = Release|Any CPU
		{3B90DADB-95D4-4C9B-AD16-70AD65E8E3FB}.Release|x64.ActiveCfg = Release|Any CPU
		{3B90DADB-95D4-4C9B-AD16-70AD65E8E3FB}.Release|x64.Build.0 = Release|Any CPU
		{3B90DADB-95D4-4C9B-AD16-70AD65E8E3FB}.Release|x86.ActiveCfg = Release|Any CPU
		{3B90DADB-95D4-4C9B-AD16-70AD65E8E3FB}.Release|x86.Build.0 = Release|Any CPU
	EndGlobalSection
	GlobalSection(SolutionProperties) = preSolution
		HideSolutionNode = FALSE
	EndGlobalSection
	GlobalSection(NestedProjects) = preSolution
		{B1B9E459-BF72-40C4-BFF5-CFE9CF2E1DAF} = {4E749F29-7458-4F34-9DF2-23E46AF903AF}
		{ED54E43E-4DF9-4911-9047-43C69F8D6F20} = {4E749F29-7458-4F34-9DF2-23E46AF903AF}
		{AB0531C9-1BFC-466A-8D71-DEB51B4112C5} = {4E749F29-7458-4F34-9DF2-23E46AF903AF}
		{0A6B69B7-4715-482C-8B9D-08910C0F206D} = {1F0E2F03-17FC-40AC-AF91-BEA77C550DA7}
		{4595FF4A-E716-4E66-9150-D9CEFFC00E6D} = {1F0E2F03-17FC-40AC-AF91-BEA77C550DA7}
		{219570C6-A3A8-4862-A72E-148BCB8DA158} = {1F0E2F03-17FC-40AC-AF91-BEA77C550DA7}
		{C004CB78-6026-47D0-8EF3-7F6910B29A4F} = {2CC39932-C3C5-40A7-BF64-DF084511A46D}
		{7353C119-7869-4020-96B6-32FC1BAEC7DE} = {B3F3A2E4-C1FF-42CB-BC19-90964F0051AC}
		{943991D7-394A-4A25-9B70-394B05C75F6B} = {B3F3A2E4-C1FF-42CB-BC19-90964F0051AC}
		{0016462F-6C03-4E82-881D-1912A6D485CE} = {B3F3A2E4-C1FF-42CB-BC19-90964F0051AC}
		{C6BFED93-759C-4D3F-856B-F36CB49ED4FE} = {CA7D5A65-F93C-4B1C-B618-B347FE0B0D77}
		{3B90DADB-95D4-4C9B-AD16-70AD65E8E3FB} = {B3F3A2E4-C1FF-42CB-BC19-90964F0051AC}
	EndGlobalSection
	GlobalSection(ExtensibilityGlobals) = postSolution
		SolutionGuid = {E5E6F3FE-C58C-4FD0-8942-8F4A0FED487E}
		RESX_NeutralResourcesLanguage = es-ES
	EndGlobalSection
EndGlobal
